// !$*UTF8*$!
{
	archiveVersion = 1;
	classes = {
	};
	objectVersion = 50;
	objects = {

/* Begin PBXBuildFile section */
		38EEF8A9264B491900D11A09 /* AppDelegate.swift in Sources */ = {isa = PBXBuildFile; fileRef = 38EEF8A8264B491900D11A09 /* AppDelegate.swift */; };
		38EEF8AB264B491900D11A09 /* SceneDelegate.swift in Sources */ = {isa = PBXBuildFile; fileRef = 38EEF8AA264B491900D11A09 /* SceneDelegate.swift */; };
		38EEF8AD264B491900D11A09 /* ViewController.swift in Sources */ = {isa = PBXBuildFile; fileRef = 38EEF8AC264B491900D11A09 /* ViewController.swift */; };
		38EEF8B0264B491900D11A09 /* Main.storyboard in Resources */ = {isa = PBXBuildFile; fileRef = 38EEF8AE264B491900D11A09 /* Main.storyboard */; };
		38EEF8B2264B491B00D11A09 /* Assets.xcassets in Resources */ = {isa = PBXBuildFile; fileRef = 38EEF8B1264B491B00D11A09 /* Assets.xcassets */; };
		38EEF8B5264B491B00D11A09 /* LaunchScreen.storyboard in Resources */ = {isa = PBXBuildFile; fileRef = 38EEF8B3264B491B00D11A09 /* LaunchScreen.storyboard */; };
		38EEF8C0264B491B00D11A09 /* WendelDaniel_CE05Tests.swift in Sources */ = {isa = PBXBuildFile; fileRef = 38EEF8BF264B491B00D11A09 /* WendelDaniel_CE05Tests.swift */; };
		38EEF8CB264B491B00D11A09 /* WendelDaniel_CE05UITests.swift in Sources */ = {isa = PBXBuildFile; fileRef = 38EEF8CA264B491B00D11A09 /* WendelDaniel_CE05UITests.swift */; };
		38EEF8D9264B570400D11A09 /* VCExtension.swift in Sources */ = {isa = PBXBuildFile; fileRef = 38EEF8D8264B570400D11A09 /* VCExtension.swift */; };
		38EEF8DB264D7E7900D11A09 /* CongressMember.swift in Sources */ = {isa = PBXBuildFile; fileRef = 38EEF8DA264D7E7900D11A09 /* CongressMember.swift */; };
		38EEF8DD264DA94100D11A09 /* MemberDetailView.swift in Sources */ = {isa = PBXBuildFile; fileRef = 38EEF8DC264DA94100D11A09 /* MemberDetailView.swift */; };
		38EEF8DF264DBF0900D11A09 /* CongressMemberCell.swift in Sources */ = {isa = PBXBuildFile; fileRef = 38EEF8DE264DBF0900D11A09 /* CongressMemberCell.swift */; };
/* End PBXBuildFile section */

/* Begin PBXContainerItemProxy section */
		38EEF8BC264B491B00D11A09 /* PBXContainerItemProxy */ = {
			isa = PBXContainerItemProxy;
			containerPortal = 38EEF89D264B491900D11A09 /* Project object */;
			proxyType = 1;
			remoteGlobalIDString = 38EEF8A4264B491900D11A09;
			remoteInfo = WendelDaniel_CE05;
		};
		38EEF8C7264B491B00D11A09 /* PBXContainerItemProxy */ = {
			isa = PBXContainerItemProxy;
			containerPortal = 38EEF89D264B491900D11A09 /* Project object */;
			proxyType = 1;
			remoteGlobalIDString = 38EEF8A4264B491900D11A09;
			remoteInfo = WendelDaniel_CE05;
		};
/* End PBXContainerItemProxy section */

/* Begin PBXFileReference section */
		38EEF8A5264B491900D11A09 /* WendelDaniel_CE05.app */ = {isa = PBXFileReference; explicitFileType = wrapper.application; includeInIndex = 0; path = WendelDaniel_CE05.app; sourceTree = BUILT_PRODUCTS_DIR; };
		38EEF8A8264B491900D11A09 /* AppDelegate.swift */ = {isa = PBXFileReference; lastKnownFileType = sourcecode.swift; path = AppDelegate.swift; sourceTree = "<group>"; };
		38EEF8AA264B491900D11A09 /* SceneDelegate.swift */ = {isa = PBXFileReference; lastKnownFileType = sourcecode.swift; path = SceneDelegate.swift; sourceTree = "<group>"; };
		38EEF8AC264B491900D11A09 /* ViewController.swift */ = {isa = PBXFileReference; lastKnownFileType = sourcecode.swift; path = ViewController.swift; sourceTree = "<group>"; };
		38EEF8AF264B491900D11A09 /* Base */ = {isa = PBXFileReference; lastKnownFileType = file.storyboard; name = Base; path = Base.lproj/Main.storyboard; sourceTree = "<group>"; };
		38EEF8B1264B491B00D11A09 /* Assets.xcassets */ = {isa = PBXFileReference; lastKnownFileType = folder.assetcatalog; path = Assets.xcassets; sourceTree = "<group>"; };
		38EEF8B4264B491B00D11A09 /* Base */ = {isa = PBXFileReference; lastKnownFileType = file.storyboard; name = Base; path = Base.lproj/LaunchScreen.storyboard; sourceTree = "<group>"; };
		38EEF8B6264B491B00D11A09 /* Info.plist */ = {isa = PBXFileReference; lastKnownFileType = text.plist.xml; path = Info.plist; sourceTree = "<group>"; };
		38EEF8BB264B491B00D11A09 /* WendelDaniel_CE05Tests.xctest */ = {isa = PBXFileReference; explicitFileType = wrapper.cfbundle; includeInIndex = 0; path = WendelDaniel_CE05Tests.xctest; sourceTree = BUILT_PRODUCTS_DIR; };
		38EEF8BF264B491B00D11A09 /* WendelDaniel_CE05Tests.swift */ = {isa = PBXFileReference; lastKnownFileType = sourcecode.swift; path = WendelDaniel_CE05Tests.swift; sourceTree = "<group>"; };
		38EEF8C1264B491B00D11A09 /* Info.plist */ = {isa = PBXFileReference; lastKnownFileType = text.plist.xml; path = Info.plist; sourceTree = "<group>"; };
		38EEF8C6264B491B00D11A09 /* WendelDaniel_CE05UITests.xctest */ = {isa = PBXFileReference; explicitFileType = wrapper.cfbundle; includeInIndex = 0; path = WendelDaniel_CE05UITests.xctest; sourceTree = BUILT_PRODUCTS_DIR; };
		38EEF8CA264B491B00D11A09 /* WendelDaniel_CE05UITests.swift */ = {isa = PBXFileReference; lastKnownFileType = sourcecode.swift; path = WendelDaniel_CE05UITests.swift; sourceTree = "<group>"; };
		38EEF8CC264B491B00D11A09 /* Info.plist */ = {isa = PBXFileReference; lastKnownFileType = text.plist.xml; path = Info.plist; sourceTree = "<group>"; };
		38EEF8D8264B570400D11A09 /* VCExtension.swift */ = {isa = PBXFileReference; lastKnownFileType = sourcecode.swift; path = VCExtension.swift; sourceTree = "<group>"; };
		38EEF8DA264D7E7900D11A09 /* CongressMember.swift */ = {isa = PBXFileReference; lastKnownFileType = sourcecode.swift; path = CongressMember.swift; sourceTree = "<group>"; };
		38EEF8DC264DA94100D11A09 /* MemberDetailView.swift */ = {isa = PBXFileReference; lastKnownFileType = sourcecode.swift; path = MemberDetailView.swift; sourceTree = "<group>"; };
		38EEF8DE264DBF0900D11A09 /* CongressMemberCell.swift */ = {isa = PBXFileReference; lastKnownFileType = sourcecode.swift; path = CongressMemberCell.swift; sourceTree = "<group>"; };
/* End PBXFileReference section */

/* Begin PBXFrameworksBuildPhase section */
		38EEF8A2264B491900D11A09 /* Frameworks */ = {
			isa = PBXFrameworksBuildPhase;
			buildActionMask = 2147483647;
			files = (
			);
			runOnlyForDeploymentPostprocessing = 0;
		};
		38EEF8B8264B491B00D11A09 /* Frameworks */ = {
			isa = PBXFrameworksBuildPhase;
			buildActionMask = 2147483647;
			files = (
			);
			runOnlyForDeploymentPostprocessing = 0;
		};
		38EEF8C3264B491B00D11A09 /* Frameworks */ = {
			isa = PBXFrameworksBuildPhase;
			buildActionMask = 2147483647;
			files = (
			);
			runOnlyForDeploymentPostprocessing = 0;
		};
/* End PBXFrameworksBuildPhase section */

/* Begin PBXGroup section */
		38EEF89C264B491900D11A09 = {
			isa = PBXGroup;
			children = (
				38EEF8A7264B491900D11A09 /* WendelDaniel_CE05 */,
				38EEF8BE264B491B00D11A09 /* WendelDaniel_CE05Tests */,
				38EEF8C9264B491B00D11A09 /* WendelDaniel_CE05UITests */,
				38EEF8A6264B491900D11A09 /* Products */,
			);
			sourceTree = "<group>";
		};
		38EEF8A6264B491900D11A09 /* Products */ = {
			isa = PBXGroup;
			children = (
				38EEF8A5264B491900D11A09 /* WendelDaniel_CE05.app */,
				38EEF8BB264B491B00D11A09 /* WendelDaniel_CE05Tests.xctest */,
				38EEF8C6264B491B00D11A09 /* WendelDaniel_CE05UITests.xctest */,
			);
			name = Products;
			sourceTree = "<group>";
		};
		38EEF8A7264B491900D11A09 /* WendelDaniel_CE05 */ = {
			isa = PBXGroup;
			children = (
				38EEF8A8264B491900D11A09 /* AppDelegate.swift */,
				38EEF8AA264B491900D11A09 /* SceneDelegate.swift */,
				38EEF8AC264B491900D11A09 /* ViewController.swift */,
				38EEF8DC264DA94100D11A09 /* MemberDetailView.swift */,
				38EEF8D8264B570400D11A09 /* VCExtension.swift */,
				38EEF8DA264D7E7900D11A09 /* CongressMember.swift */,
				38EEF8AE264B491900D11A09 /* Main.storyboard */,
				38EEF8DE264DBF0900D11A09 /* CongressMemberCell.swift */,
				38EEF8B1264B491B00D11A09 /* Assets.xcassets */,
				38EEF8B3264B491B00D11A09 /* LaunchScreen.storyboard */,
				38EEF8B6264B491B00D11A09 /* Info.plist */,
			);
			path = WendelDaniel_CE05;
			sourceTree = "<group>";
		};
		38EEF8BE264B491B00D11A09 /* WendelDaniel_CE05Tests */ = {
			isa = PBXGroup;
			children = (
				38EEF8BF264B491B00D11A09 /* WendelDaniel_CE05Tests.swift */,
				38EEF8C1264B491B00D11A09 /* Info.plist */,
			);
			path = WendelDaniel_CE05Tests;
			sourceTree = "<group>";
		};
		38EEF8C9264B491B00D11A09 /* WendelDaniel_CE05UITests */ = {
			isa = PBXGroup;
			children = (
				38EEF8CA264B491B00D11A09 /* WendelDaniel_CE05UITests.swift */,
				38EEF8CC264B491B00D11A09 /* Info.plist */,
			);
			path = WendelDaniel_CE05UITests;
			sourceTree = "<group>";
		};
/* End PBXGroup section */

/* Begin PBXNativeTarget section */
		38EEF8A4264B491900D11A09 /* WendelDaniel_CE05 */ = {
			isa = PBXNativeTarget;
			buildConfigurationList = 38EEF8CF264B491B00D11A09 /* Build configuration list for PBXNativeTarget "WendelDaniel_CE05" */;
			buildPhases = (
				38EEF8A1264B491900D11A09 /* Sources */,
				38EEF8A2264B491900D11A09 /* Frameworks */,
				38EEF8A3264B491900D11A09 /* Resources */,
			);
			buildRules = (
			);
			dependencies = (
			);
			name = WendelDaniel_CE05;
			productName = WendelDaniel_CE05;
			productReference = 38EEF8A5264B491900D11A09 /* WendelDaniel_CE05.app */;
			productType = "com.apple.product-type.application";
		};
		38EEF8BA264B491B00D11A09 /* WendelDaniel_CE05Tests */ = {
			isa = PBXNativeTarget;
			buildConfigurationList = 38EEF8D2264B491B00D11A09 /* Build configuration list for PBXNativeTarget "WendelDaniel_CE05Tests" */;
			buildPhases = (
				38EEF8B7264B491B00D11A09 /* Sources */,
				38EEF8B8264B491B00D11A09 /* Frameworks */,
				38EEF8B9264B491B00D11A09 /* Resources */,
			);
			buildRules = (
			);
			dependencies = (
				38EEF8BD264B491B00D11A09 /* PBXTargetDependency */,
			);
			name = WendelDaniel_CE05Tests;
			productName = WendelDaniel_CE05Tests;
			productReference = 38EEF8BB264B491B00D11A09 /* WendelDaniel_CE05Tests.xctest */;
			productType = "com.apple.product-type.bundle.unit-test";
		};
		38EEF8C5264B491B00D11A09 /* WendelDaniel_CE05UITests */ = {
			isa = PBXNativeTarget;
			buildConfigurationList = 38EEF8D5264B491B00D11A09 /* Build configuration list for PBXNativeTarget "WendelDaniel_CE05UITests" */;
			buildPhases = (
				38EEF8C2264B491B00D11A09 /* Sources */,
				38EEF8C3264B491B00D11A09 /* Frameworks */,
				38EEF8C4264B491B00D11A09 /* Resources */,
			);
			buildRules = (
			);
			dependencies = (
				38EEF8C8264B491B00D11A09 /* PBXTargetDependency */,
			);
			name = WendelDaniel_CE05UITests;
			productName = WendelDaniel_CE05UITests;
			productReference = 38EEF8C6264B491B00D11A09 /* WendelDaniel_CE05UITests.xctest */;
			productType = "com.apple.product-type.bundle.ui-testing";
		};
/* End PBXNativeTarget section */

/* Begin PBXProject section */
		38EEF89D264B491900D11A09 /* Project object */ = {
			isa = PBXProject;
			attributes = {
				LastSwiftUpdateCheck = 1250;
				LastUpgradeCheck = 1250;
				TargetAttributes = {
					38EEF8A4264B491900D11A09 = {
						CreatedOnToolsVersion = 12.5;
					};
					38EEF8BA264B491B00D11A09 = {
						CreatedOnToolsVersion = 12.5;
						TestTargetID = 38EEF8A4264B491900D11A09;
					};
					38EEF8C5264B491B00D11A09 = {
						CreatedOnToolsVersion = 12.5;
						TestTargetID = 38EEF8A4264B491900D11A09;
					};
				};
			};
			buildConfigurationList = 38EEF8A0264B491900D11A09 /* Build configuration list for PBXProject "WendelDaniel_CE05" */;
			compatibilityVersion = "Xcode 9.3";
			developmentRegion = en;
			hasScannedForEncodings = 0;
			knownRegions = (
				en,
				Base,
			);
			mainGroup = 38EEF89C264B491900D11A09;
			productRefGroup = 38EEF8A6264B491900D11A09 /* Products */;
			projectDirPath = "";
			projectRoot = "";
			targets = (
				38EEF8A4264B491900D11A09 /* WendelDaniel_CE05 */,
				38EEF8BA264B491B00D11A09 /* WendelDaniel_CE05Tests */,
				38EEF8C5264B491B00D11A09 /* WendelDaniel_CE05UITests */,
			);
		};
/* End PBXProject section */

/* Begin PBXResourcesBuildPhase section */
		38EEF8A3264B491900D11A09 /* Resources */ = {
			isa = PBXResourcesBuildPhase;
			buildActionMask = 2147483647;
			files = (
				38EEF8B5264B491B00D11A09 /* LaunchScreen.storyboard in Resources */,
				38EEF8B2264B491B00D11A09 /* Assets.xcassets in Resources */,
				38EEF8B0264B491900D11A09 /* Main.storyboard in Resources */,
			);
			runOnlyForDeploymentPostprocessing = 0;
		};
		38EEF8B9264B491B00D11A09 /* Resources */ = {
			isa = PBXResourcesBuildPhase;
			buildActionMask = 2147483647;
			files = (
			);
			runOnlyForDeploymentPostprocessing = 0;
		};
		38EEF8C4264B491B00D11A09 /* Resources */ = {
			isa = PBXResourcesBuildPhase;
			buildActionMask = 2147483647;
			files = (
			);
			runOnlyForDeploymentPostprocessing = 0;
		};
/* End PBXResourcesBuildPhase section */

/* Begin PBXSourcesBuildPhase section */
		38EEF8A1264B491900D11A09 /* Sources */ = {
			isa = PBXSourcesBuildPhase;
			buildActionMask = 2147483647;
			files = (
				38EEF8DB264D7E7900D11A09 /* CongressMember.swift in Sources */,
				38EEF8AD264B491900D11A09 /* ViewController.swift in Sources */,
				38EEF8DF264DBF0900D11A09 /* CongressMemberCell.swift in Sources */,
				38EEF8A9264B491900D11A09 /* AppDelegate.swift in Sources */,
				38EEF8DD264DA94100D11A09 /* MemberDetailView.swift in Sources */,
				38EEF8D9264B570400D11A09 /* VCExtension.swift in Sources */,
				38EEF8AB264B491900D11A09 /* SceneDelegate.swift in Sources */,
			);
			runOnlyForDeploymentPostprocessing = 0;
		};
		38EEF8B7264B491B00D11A09 /* Sources */ = {
			isa = PBXSourcesBuildPhase;
			buildActionMask = 2147483647;
			files = (
				38EEF8C0264B491B00D11A09 /* WendelDaniel_CE05Tests.swift in Sources */,
			);
			runOnlyForDeploymentPostprocessing = 0;
		};
		38EEF8C2264B491B00D11A09 /* Sources */ = {
			isa = PBXSourcesBuildPhase;
			buildActionMask = 2147483647;
			files = (
				38EEF8CB264B491B00D11A09 /* WendelDaniel_CE05UITests.swift in Sources */,
			);
			runOnlyForDeploymentPostprocessing = 0;
		};
/* End PBXSourcesBuildPhase section */

/* Begin PBXTargetDependency section */
		38EEF8BD264B491B00D11A09 /* PBXTargetDependency */ = {
			isa = PBXTargetDependency;
			target = 38EEF8A4264B491900D11A09 /* WendelDaniel_CE05 */;
			targetProxy = 38EEF8BC264B491B00D11A09 /* PBXContainerItemProxy */;
		};
		38EEF8C8264B491B00D11A09 /* PBXTargetDependency */ = {
			isa = PBXTargetDependency;
			target = 38EEF8A4264B491900D11A09 /* WendelDaniel_CE05 */;
			targetProxy = 38EEF8C7264B491B00D11A09 /* PBXContainerItemProxy */;
		};
/* End PBXTargetDependency section */

/* Begin PBXVariantGroup section */
		38EEF8AE264B491900D11A09 /* Main.storyboard */ = {
			isa = PBXVariantGroup;
			children = (
				38EEF8AF264B491900D11A09 /* Base */,
			);
			name = Main.storyboard;
			sourceTree = "<group>";
		};
		38EEF8B3264B491B00D11A09 /* LaunchScreen.storyboard */ = {
			isa = PBXVariantGroup;
			children = (
				38EEF8B4264B491B00D11A09 /* Base */,
			);
			name = LaunchScreen.storyboard;
			sourceTree = "<group>";
		};
/* End PBXVariantGroup section */

/* Begin XCBuildConfiguration section */
		38EEF8CD264B491B00D11A09 /* Debug */ = {
			isa = XCBuildConfiguration;
			buildSettings = {
				ALWAYS_SEARCH_USER_PATHS = NO;
				CLANG_ANALYZER_NONNULL = YES;
				CLANG_ANALYZER_NUMBER_OBJECT_CONVERSION = YES_AGGRESSIVE;
				CLANG_CXX_LANGUAGE_STANDARD = "gnu++14";
				CLANG_CXX_LIBRARY = "libc++";
				CLANG_ENABLE_MODULES = YES;
				CLANG_ENABLE_OBJC_ARC = YES;
				CLANG_ENABLE_OBJC_WEAK = YES;
				CLANG_WARN_BLOCK_CAPTURE_AUTORELEASING = YES;
				CLANG_WARN_BOOL_CONVERSION = YES;
				CLANG_WARN_COMMA = YES;
				CLANG_WARN_CONSTANT_CONVERSION = YES;
				CLANG_WARN_DEPRECATED_OBJC_IMPLEMENTATIONS = YES;
				CLANG_WARN_DIRECT_OBJC_ISA_USAGE = YES_ERROR;
				CLANG_WARN_DOCUMENTATION_COMMENTS = YES;
				CLANG_WARN_EMPTY_BODY = YES;
				CLANG_WARN_ENUM_CONVERSION = YES;
				CLANG_WARN_INFINITE_RECURSION = YES;
				CLANG_WARN_INT_CONVERSION = YES;
				CLANG_WARN_NON_LITERAL_NULL_CONVERSION = YES;
				CLANG_WARN_OBJC_IMPLICIT_RETAIN_SELF = YES;
				CLANG_WARN_OBJC_LITERAL_CONVERSION = YES;
				CLANG_WARN_OBJC_ROOT_CLASS = YES_ERROR;
				CLANG_WARN_QUOTED_INCLUDE_IN_FRAMEWORK_HEADER = YES;
				CLANG_WARN_RANGE_LOOP_ANALYSIS = YES;
				CLANG_WARN_STRICT_PROTOTYPES = YES;
				CLANG_WARN_SUSPICIOUS_MOVE = YES;
				CLANG_WARN_UNGUARDED_AVAILABILITY = YES_AGGRESSIVE;
				CLANG_WARN_UNREACHABLE_CODE = YES;
				CLANG_WARN__DUPLICATE_METHOD_MATCH = YES;
				COPY_PHASE_STRIP = NO;
				DEBUG_INFORMATION_FORMAT = dwarf;
				ENABLE_STRICT_OBJC_MSGSEND = YES;
				ENABLE_TESTABILITY = YES;
				GCC_C_LANGUAGE_STANDARD = gnu11;
				GCC_DYNAMIC_NO_PIC = NO;
				GCC_NO_COMMON_BLOCKS = YES;
				GCC_OPTIMIZATION_LEVEL = 0;
				GCC_PREPROCESSOR_DEFINITIONS = (
					"DEBUG=1",
					"$(inherited)",
				);
				GCC_WARN_64_TO_32_BIT_CONVERSION = YES;
				GCC_WARN_ABOUT_RETURN_TYPE = YES_ERROR;
				GCC_WARN_UNDECLARED_SELECTOR = YES;
				GCC_WARN_UNINITIALIZED_AUTOS = YES_AGGRESSIVE;
				GCC_WARN_UNUSED_FUNCTION = YES;
				GCC_WARN_UNUSED_VARIABLE = YES;
				IPHONEOS_DEPLOYMENT_TARGET = 14.5;
				MTL_ENABLE_DEBUG_INFO = INCLUDE_SOURCE;
				MTL_FAST_MATH = YES;
				ONLY_ACTIVE_ARCH = YES;
				SDKROOT = iphoneos;
				SWIFT_ACTIVE_COMPILATION_CONDITIONS = DEBUG;
				SWIFT_OPTIMIZATION_LEVEL = "-Onone";
			};
			name = Debug;
		};
		38EEF8CE264B491B00D11A09 /* Release */ = {
			isa = XCBuildConfiguration;
			buildSettings = {
				ALWAYS_SEARCH_USER_PATHS = NO;
				CLANG_ANALYZER_NONNULL = YES;
				CLANG_ANALYZER_NUMBER_OBJECT_CONVERSION = YES_AGGRESSIVE;
				CLANG_CXX_LANGUAGE_STANDARD = "gnu++14";
				CLANG_CXX_LIBRARY = "libc++";
				CLANG_ENABLE_MODULES = YES;
				CLANG_ENABLE_OBJC_ARC = YES;
				CLANG_ENABLE_OBJC_WEAK = YES;
				CLANG_WARN_BLOCK_CAPTURE_AUTORELEASING = YES;
				CLANG_WARN_BOOL_CONVERSION = YES;
				CLANG_WARN_COMMA = YES;
				CLANG_WARN_CONSTANT_CONVERSION = YES;
				CLANG_WARN_DEPRECATED_OBJC_IMPLEMENTATIONS = YES;
				CLANG_WARN_DIRECT_OBJC_ISA_USAGE = YES_ERROR;
				CLANG_WARN_DOCUMENTATION_COMMENTS = YES;
				CLANG_WARN_EMPTY_BODY = YES;
				CLANG_WARN_ENUM_CONVERSION = YES;
				CLANG_WARN_INFINITE_RECURSION = YES;
				CLANG_WARN_INT_CONVERSION = YES;
				CLANG_WARN_NON_LITERAL_NULL_CONVERSION = YES;
				CLANG_WARN_OBJC_IMPLICIT_RETAIN_SELF = YES;
				CLANG_WARN_OBJC_LITERAL_CONVERSION = YES;
				CLANG_WARN_OBJC_ROOT_CLASS = YES_ERROR;
				CLANG_WARN_QUOTED_INCLUDE_IN_FRAMEWORK_HEADER = YES;
				CLANG_WARN_RANGE_LOOP_ANALYSIS = YES;
				CLANG_WARN_STRICT_PROTOTYPES = YES;
				CLANG_WARN_SUSPICIOUS_MOVE = YES;
				CLANG_WARN_UNGUARDED_AVAILABILITY = YES_AGGRESSIVE;
				CLANG_WARN_UNREACHABLE_CODE = YES;
				CLANG_WARN__DUPLICATE_METHOD_MATCH = YES;
				COPY_PHASE_STRIP = NO;
				DEBUG_INFORMATION_FORMAT = "dwarf-with-dsym";
				ENABLE_NS_ASSERTIONS = NO;
				ENABLE_STRICT_OBJC_MSGSEND = YES;
				GCC_C_LANGUAGE_STANDARD = gnu11;
				GCC_NO_COMMON_BLOCKS = YES;
				GCC_WARN_64_TO_32_BIT_CONVERSION = YES;
				GCC_WARN_ABOUT_RETURN_TYPE = YES_ERROR;
				GCC_WARN_UNDECLARED_SELECTOR = YES;
				GCC_WARN_UNINITIALIZED_AUTOS = YES_AGGRESSIVE;
				GCC_WARN_UNUSED_FUNCTION = YES;
				GCC_WARN_UNUSED_VARIABLE = YES;
				IPHONEOS_DEPLOYMENT_TARGET = 14.5;
				MTL_ENABLE_DEBUG_INFO = NO;
				MTL_FAST_MATH = YES;
				SDKROOT = iphoneos;
				SWIFT_COMPILATION_MODE = wholemodule;
				SWIFT_OPTIMIZATION_LEVEL = "-O";
				VALIDATE_PRODUCT = YES;
			};
			name = Release;
		};
		38EEF8D0264B491B00D11A09 /* Debug */ = {
			isa = XCBuildConfiguration;
			buildSettings = {
				ASSETCATALOG_COMPILER_APPICON_NAME = AppIcon;
				ASSETCATALOG_COMPILER_GLOBAL_ACCENT_COLOR_NAME = AccentColor;
				CODE_SIGN_STYLE = Automatic;
				DEVELOPMENT_TEAM = 9562T52TKH;
				INFOPLIST_FILE = WendelDaniel_CE05/Info.plist;
				LD_RUNPATH_SEARCH_PATHS = (
					"$(inherited)",
					"@executable_path/Frameworks",
				);
				PRODUCT_BUNDLE_IDENTIFIER = "com.DanielWendel.WendelDaniel-CE05";
				PRODUCT_NAME = "$(TARGET_NAME)";
				SWIFT_VERSION = 5.0;
				TARGETED_DEVICE_FAMILY = 1;
			};
			name = Debug;
		};
		38EEF8D1264B491B00D11A09 /* Release */ = {
			isa = XCBuildConfiguration;
			buildSettings = {
				ASSETCATALOG_COMPILER_APPICON_NAME = AppIcon;
				ASSETCATALOG_COMPILER_GLOBAL_ACCENT_COLOR_NAME = AccentColor;
				CODE_SIGN_STYLE = Automatic;
				DEVELOPMENT_TEAM = 9562T52TKH;
				INFOPLIST_FILE = WendelDaniel_CE05/Info.plist;
				LD_RUNPATH_SEARCH_PATHS = (
					"$(inherited)",
					"@executable_path/Frameworks",
				);
				PRODUCT_BUNDLE_IDENTIFIER = "com.DanielWendel.WendelDaniel-CE05";
				PRODUCT_NAME = "$(TARGET_NAME)";
				SWIFT_VERSION = 5.0;
				TARGETED_DEVICE_FAMILY = 1;
			};
			name = Release;
		};
		38EEF8D3264B491B00D11A09 /* Debug */ = {
			isa = XCBuildConfiguration;
			buildSettings = {
				ALWAYS_EMBED_SWIFT_STANDARD_LIBRARIES = YES;
				BUNDLE_LOADER = "$(TEST_HOST)";
				CODE_SIGN_STYLE = Automatic;
				DEVELOPMENT_TEAM = 9562T52TKH;
				INFOPLIST_FILE = WendelDaniel_CE05Tests/Info.plist;
				IPHONEOS_DEPLOYMENT_TARGET = 14.5;
				LD_RUNPATH_SEARCH_PATHS = (
					"$(inherited)",
					"@executable_path/Frameworks",
					"@loader_path/Frameworks",
				);
				PRODUCT_BUNDLE_IDENTIFIER = "com.DanielWendel.WendelDaniel-CE05Tests";
				PRODUCT_NAME = "$(TARGET_NAME)";
				SWIFT_VERSION = 5.0;
				TARGETED_DEVICE_FAMILY = "1,2";
				TEST_HOST = "$(BUILT_PRODUCTS_DIR)/WendelDaniel_CE05.app/WendelDaniel_CE05";
			};
			name = Debug;
		};
		38EEF8D4264B491B00D11A09 /* Release */ = {
			isa = XCBuildConfiguration;
			buildSettings = {
				ALWAYS_EMBED_SWIFT_STANDARD_LIBRARIES = YES;
				BUNDLE_LOADER = "$(TEST_HOST)";
				CODE_SIGN_STYLE = Automatic;
				DEVELOPMENT_TEAM = 9562T52TKH;
				INFOPLIST_FILE = WendelDaniel_CE05Tests/Info.plist;
				IPHONEOS_DEPLOYMENT_TARGET = 14.5;
				LD_RUNPATH_SEARCH_PATHS = (
					"$(inherited)",
					"@executable_path/Frameworks",
					"@loader_path/Frameworks",
				);
				PRODUCT_BUNDLE_IDENTIFIER = "com.DanielWendel.WendelDaniel-CE05Tests";
				PRODUCT_NAME = "$(TARGET_NAME)";
				SWIFT_VERSION = 5.0;
				TARGETED_DEVICE_FAMILY = "1,2";
				TEST_HOST = "$(BUILT_PRODUCTS_DIR)/WendelDaniel_CE05.app/WendelDaniel_CE05";
			};
			name = Release;
		};
		38EEF8D6264B491B00D11A09 /* Debug */ = {
			isa = XCBuildConfiguration;
			buildSettings = {
				ALWAYS_EMBED_SWIFT_STANDARD_LIBRARIES = YES;
				CODE_SIGN_STYLE = Automatic;
				DEVELOPMENT_TEAM = 9562T52TKH;
				INFOPLIST_FILE = WendelDaniel_CE05UITests/Info.plist;
				LD_RUNPATH_SEARCH_PATHS = (
					"$(inherited)",
					"@executable_path/Frameworks",
					"@loader_path/Frameworks",
				);
				PRODUCT_BUNDLE_IDENTIFIER = "com.DanielWendel.WendelDaniel-CE05UITests";
				PRODUCT_NAME = "$(TARGET_NAME)";
				SWIFT_VERSION = 5.0;
				TARGETED_DEVICE_FAMILY = "1,2";
				TEST_TARGET_NAME = WendelDaniel_CE05;
			};
			name = Debug;
		};
		38EEF8D7264B491B00D11A09 /* Release */ = {
			isa = XCBuildConfiguration;
			buildSettings = {
				ALWAYS_EMBED_SWIFT_STANDARD_LIBRARIES = YES;
				CODE_SIGN_STYLE = Automatic;
				DEVELOPMENT_TEAM = 9562T52TKH;
				INFOPLIST_FILE = WendelDaniel_CE05UITests/Info.plist;
				LD_RUNPATH_SEARCH_PATHS = (
					"$(inherited)",
					"@executable_path/Frameworks",
					"@loader_path/Frameworks",
				);
				PRODUCT_BUNDLE_IDENTIFIER = "com.DanielWendel.WendelDaniel-CE05UITests";
				PRODUCT_NAME = "$(TARGET_NAME)";
				SWIFT_VERSION = 5.0;
				TARGETED_DEVICE_FAMILY = "1,2";
				TEST_TARGET_NAME = WendelDaniel_CE05;
			};
			name = Release;
		};
/* End XCBuildConfiguration section */

/* Begin XCConfigurationList section */
		38EEF8A0264B491900D11A09 /* Build configuration list for PBXProject "WendelDaniel_CE05" */ = {
			isa = XCConfigurationList;
			buildConfigurations = (
				38EEF8CD264B491B00D11A09 /* Debug */,
				38EEF8CE264B491B00D11A09 /* Release */,
			);
			defaultConfigurationIsVisible = 0;
			defaultConfigurationName = Release;
		};
		38EEF8CF264B491B00D11A09 /* Build configuration list for PBXNativeTarget "WendelDaniel_CE05" */ = {
			isa = XCConfigurationList;
			buildConfigurations = (
				38EEF8D0264B491B00D11A09 /* Debug */,
				38EEF8D1264B491B00D11A09 /* Release */,
			);
			defaultConfigurationIsVisible = 0;
			defaultConfigurationName = Release;
		};
		38EEF8D2264B491B00D11A09 /* Build configuration list for PBXNativeTarget "WendelDaniel_CE05Tests" */ = {
			isa = XCConfigurationList;
			buildConfigurations = (
				38EEF8D3264B491B00D11A09 /* Debug */,
				38EEF8D4264B491B00D11A09 /* Release */,
			);
			defaultConfigurationIsVisible = 0;
			defaultConfigurationName = Release;
		};
		38EEF8D5264B491B00D11A09 /* Build configuration list for PBXNativeTarget "WendelDaniel_CE05UITests" */ = {
			isa = XCConfigurationList;
			buildConfigurations = (
				38EEF8D6264B491B00D11A09 /* Debug */,
				38EEF8D7264B491B00D11A09 /* Release */,
			);
			defaultConfigurationIsVisible = 0;
			defaultConfigurationName = Release;
		};
/* End XCConfigurationList section */
	};
	rootObject = 38EEF89D264B491900D11A09 /* Project object */;
}
