// !$*UTF8*$!
{
	archiveVersion = 1;
	classes = {
	};
	objectVersion = 50;
	objects = {

/* Begin PBXBuildFile section */
		383A09A1266AE1CC0051E74D /* AppDelegate.swift in Sources */ = {isa = PBXBuildFile; fileRef = 383A09A0266AE1CC0051E74D /* AppDelegate.swift */; };
		383A09A3266AE1CC0051E74D /* SceneDelegate.swift in Sources */ = {isa = PBXBuildFile; fileRef = 383A09A2266AE1CC0051E74D /* SceneDelegate.swift */; };
		383A09A5266AE1CC0051E74D /* ViewController.swift in Sources */ = {isa = PBXBuildFile; fileRef = 383A09A4266AE1CC0051E74D /* ViewController.swift */; };
		383A09A8266AE1CC0051E74D /* Main.storyboard in Resources */ = {isa = PBXBuildFile; fileRef = 383A09A6266AE1CC0051E74D /* Main.storyboard */; };
		383A09AA266AE1CD0051E74D /* Assets.xcassets in Resources */ = {isa = PBXBuildFile; fileRef = 383A09A9266AE1CD0051E74D /* Assets.xcassets */; };
		383A09AD266AE1CD0051E74D /* LaunchScreen.storyboard in Resources */ = {isa = PBXBuildFile; fileRef = 383A09AB266AE1CD0051E74D /* LaunchScreen.storyboard */; };
		383A09B8266AE1CE0051E74D /* WendelDanielAdaptiveLayoutProjectTests.swift in Sources */ = {isa = PBXBuildFile; fileRef = 383A09B7266AE1CE0051E74D /* WendelDanielAdaptiveLayoutProjectTests.swift */; };
		383A09C3266AE1CE0051E74D /* WendelDanielAdaptiveLayoutProjectUITests.swift in Sources */ = {isa = PBXBuildFile; fileRef = 383A09C2266AE1CE0051E74D /* WendelDanielAdaptiveLayoutProjectUITests.swift */; };
		383A09D1266BF5E40051E74D /* Extensions.swift in Sources */ = {isa = PBXBuildFile; fileRef = 383A09D0266BF5E40051E74D /* Extensions.swift */; };
		383A09D7267028FE0051E74D /* clickSound.wav in Resources */ = {isa = PBXBuildFile; fileRef = 383A09D6267028FD0051E74D /* clickSound.wav */; };
		383A09DA267039560051E74D /* Card.swift in Sources */ = {isa = PBXBuildFile; fileRef = 383A09D8267039550051E74D /* Card.swift */; };
		383A09DB267039560051E74D /* CardData.swift in Sources */ = {isa = PBXBuildFile; fileRef = 383A09D9267039560051E74D /* CardData.swift */; };
		388E4F8B268129FE00C5E65B /* Player.swift in Sources */ = {isa = PBXBuildFile; fileRef = 388E4F8A268129FE00C5E65B /* Player.swift */; };
		388E4F8D26812BB100C5E65B /* GameData.swift in Sources */ = {isa = PBXBuildFile; fileRef = 388E4F8C26812BB100C5E65B /* GameData.swift */; };
		388E4F8F268135C500C5E65B /* PlayerInfoController.swift in Sources */ = {isa = PBXBuildFile; fileRef = 388E4F8E268135C500C5E65B /* PlayerInfoController.swift */; };
		388E4F91268139F000C5E65B /* CustomCell.swift in Sources */ = {isa = PBXBuildFile; fileRef = 388E4F90268139F000C5E65B /* CustomCell.swift */; };
		388E4F9326813BC100C5E65B /* CreateProfile.swift in Sources */ = {isa = PBXBuildFile; fileRef = 388E4F9226813BC100C5E65B /* CreateProfile.swift */; };
/* End PBXBuildFile section */

/* Begin PBXContainerItemProxy section */
		383A09B4266AE1CE0051E74D /* PBXContainerItemProxy */ = {
			isa = PBXContainerItemProxy;
			containerPortal = 383A0995266AE1CC0051E74D /* Project object */;
			proxyType = 1;
			remoteGlobalIDString = 383A099C266AE1CC0051E74D;
			remoteInfo = WendelDanielAdaptiveLayoutProject;
		};
		383A09BF266AE1CE0051E74D /* PBXContainerItemProxy */ = {
			isa = PBXContainerItemProxy;
			containerPortal = 383A0995266AE1CC0051E74D /* Project object */;
			proxyType = 1;
			remoteGlobalIDString = 383A099C266AE1CC0051E74D;
			remoteInfo = WendelDanielAdaptiveLayoutProject;
		};
/* End PBXContainerItemProxy section */

/* Begin PBXFileReference section */
		383A099D266AE1CC0051E74D /* WendelDanielAdaptiveLayoutProject.app */ = {isa = PBXFileReference; explicitFileType = wrapper.application; includeInIndex = 0; path = WendelDanielAdaptiveLayoutProject.app; sourceTree = BUILT_PRODUCTS_DIR; };
		383A09A0266AE1CC0051E74D /* AppDelegate.swift */ = {isa = PBXFileReference; lastKnownFileType = sourcecode.swift; path = AppDelegate.swift; sourceTree = "<group>"; };
		383A09A2266AE1CC0051E74D /* SceneDelegate.swift */ = {isa = PBXFileReference; lastKnownFileType = sourcecode.swift; path = SceneDelegate.swift; sourceTree = "<group>"; };
		383A09A4266AE1CC0051E74D /* ViewController.swift */ = {isa = PBXFileReference; lastKnownFileType = sourcecode.swift; path = ViewController.swift; sourceTree = "<group>"; };
		383A09A7266AE1CC0051E74D /* Base */ = {isa = PBXFileReference; lastKnownFileType = file.storyboard; name = Base; path = Base.lproj/Main.storyboard; sourceTree = "<group>"; };
		383A09A9266AE1CD0051E74D /* Assets.xcassets */ = {isa = PBXFileReference; lastKnownFileType = folder.assetcatalog; path = Assets.xcassets; sourceTree = "<group>"; };
		383A09AC266AE1CD0051E74D /* Base */ = {isa = PBXFileReference; lastKnownFileType = file.storyboard; name = Base; path = Base.lproj/LaunchScreen.storyboard; sourceTree = "<group>"; };
		383A09AE266AE1CD0051E74D /* Info.plist */ = {isa = PBXFileReference; lastKnownFileType = text.plist.xml; path = Info.plist; sourceTree = "<group>"; };
		383A09B3266AE1CD0051E74D /* WendelDanielAdaptiveLayoutProjectTests.xctest */ = {isa = PBXFileReference; explicitFileType = wrapper.cfbundle; includeInIndex = 0; path = WendelDanielAdaptiveLayoutProjectTests.xctest; sourceTree = BUILT_PRODUCTS_DIR; };
		383A09B7266AE1CE0051E74D /* WendelDanielAdaptiveLayoutProjectTests.swift */ = {isa = PBXFileReference; lastKnownFileType = sourcecode.swift; path = WendelDanielAdaptiveLayoutProjectTests.swift; sourceTree = "<group>"; };
		383A09B9266AE1CE0051E74D /* Info.plist */ = {isa = PBXFileReference; lastKnownFileType = text.plist.xml; path = Info.plist; sourceTree = "<group>"; };
		383A09BE266AE1CE0051E74D /* WendelDanielAdaptiveLayoutProjectUITests.xctest */ = {isa = PBXFileReference; explicitFileType = wrapper.cfbundle; includeInIndex = 0; path = WendelDanielAdaptiveLayoutProjectUITests.xctest; sourceTree = BUILT_PRODUCTS_DIR; };
		383A09C2266AE1CE0051E74D /* WendelDanielAdaptiveLayoutProjectUITests.swift */ = {isa = PBXFileReference; lastKnownFileType = sourcecode.swift; path = WendelDanielAdaptiveLayoutProjectUITests.swift; sourceTree = "<group>"; };
		383A09C4266AE1CE0051E74D /* Info.plist */ = {isa = PBXFileReference; lastKnownFileType = text.plist.xml; path = Info.plist; sourceTree = "<group>"; };
		383A09D0266BF5E40051E74D /* Extensions.swift */ = {isa = PBXFileReference; lastKnownFileType = sourcecode.swift; path = Extensions.swift; sourceTree = "<group>"; };
		383A09D6267028FD0051E74D /* clickSound.wav */ = {isa = PBXFileReference; lastKnownFileType = audio.wav; path = clickSound.wav; sourceTree = "<group>"; };
		383A09D8267039550051E74D /* Card.swift */ = {isa = PBXFileReference; fileEncoding = 4; lastKnownFileType = sourcecode.swift; path = Card.swift; sourceTree = "<group>"; };
		383A09D9267039560051E74D /* CardData.swift */ = {isa = PBXFileReference; fileEncoding = 4; lastKnownFileType = sourcecode.swift; path = CardData.swift; sourceTree = "<group>"; };
		388E4F8A268129FE00C5E65B /* Player.swift */ = {isa = PBXFileReference; lastKnownFileType = sourcecode.swift; path = Player.swift; sourceTree = "<group>"; };
		388E4F8C26812BB100C5E65B /* GameData.swift */ = {isa = PBXFileReference; lastKnownFileType = sourcecode.swift; path = GameData.swift; sourceTree = "<group>"; };
		388E4F8E268135C500C5E65B /* PlayerInfoController.swift */ = {isa = PBXFileReference; lastKnownFileType = sourcecode.swift; path = PlayerInfoController.swift; sourceTree = "<group>"; };
		388E4F90268139F000C5E65B /* CustomCell.swift */ = {isa = PBXFileReference; lastKnownFileType = sourcecode.swift; path = CustomCell.swift; sourceTree = "<group>"; };
		388E4F9226813BC100C5E65B /* CreateProfile.swift */ = {isa = PBXFileReference; lastKnownFileType = sourcecode.swift; path = CreateProfile.swift; sourceTree = "<group>"; };
/* End PBXFileReference section */

/* Begin PBXFrameworksBuildPhase section */
		383A099A266AE1CC0051E74D /* Frameworks */ = {
			isa = PBXFrameworksBuildPhase;
			buildActionMask = 2147483647;
			files = (
			);
			runOnlyForDeploymentPostprocessing = 0;
		};
		383A09B0266AE1CD0051E74D /* Frameworks */ = {
			isa = PBXFrameworksBuildPhase;
			buildActionMask = 2147483647;
			files = (
			);
			runOnlyForDeploymentPostprocessing = 0;
		};
		383A09BB266AE1CE0051E74D /* Frameworks */ = {
			isa = PBXFrameworksBuildPhase;
			buildActionMask = 2147483647;
			files = (
			);
			runOnlyForDeploymentPostprocessing = 0;
		};
/* End PBXFrameworksBuildPhase section */

/* Begin PBXGroup section */
		383A0994266AE1CC0051E74D = {
			isa = PBXGroup;
			children = (
				383A099F266AE1CC0051E74D /* WendelDanielAdaptiveLayoutProject */,
				383A09B6266AE1CE0051E74D /* WendelDanielAdaptiveLayoutProjectTests */,
				383A09C1266AE1CE0051E74D /* WendelDanielAdaptiveLayoutProjectUITests */,
				383A099E266AE1CC0051E74D /* Products */,
			);
			sourceTree = "<group>";
		};
		383A099E266AE1CC0051E74D /* Products */ = {
			isa = PBXGroup;
			children = (
				383A099D266AE1CC0051E74D /* WendelDanielAdaptiveLayoutProject.app */,
				383A09B3266AE1CD0051E74D /* WendelDanielAdaptiveLayoutProjectTests.xctest */,
				383A09BE266AE1CE0051E74D /* WendelDanielAdaptiveLayoutProjectUITests.xctest */,
			);
			name = Products;
			sourceTree = "<group>";
		};
		383A099F266AE1CC0051E74D /* WendelDanielAdaptiveLayoutProject */ = {
			isa = PBXGroup;
			children = (
				383A09A0266AE1CC0051E74D /* AppDelegate.swift */,
				383A09A2266AE1CC0051E74D /* SceneDelegate.swift */,
				383A09A4266AE1CC0051E74D /* ViewController.swift */,
				388E4F9226813BC100C5E65B /* CreateProfile.swift */,
				388E4F8A268129FE00C5E65B /* Player.swift */,
				388E4F8C26812BB100C5E65B /* GameData.swift */,
				388E4F8E268135C500C5E65B /* PlayerInfoController.swift */,
				383A09D8267039550051E74D /* Card.swift */,
				383A09D9267039560051E74D /* CardData.swift */,
				383A09A6266AE1CC0051E74D /* Main.storyboard */,
				388E4F90268139F000C5E65B /* CustomCell.swift */,
				383A09D0266BF5E40051E74D /* Extensions.swift */,
				383A09D6267028FD0051E74D /* clickSound.wav */,
				383A09A9266AE1CD0051E74D /* Assets.xcassets */,
				383A09AB266AE1CD0051E74D /* LaunchScreen.storyboard */,
				383A09AE266AE1CD0051E74D /* Info.plist */,
			);
			path = WendelDanielAdaptiveLayoutProject;
			sourceTree = "<group>";
		};
		383A09B6266AE1CE0051E74D /* WendelDanielAdaptiveLayoutProjectTests */ = {
			isa = PBXGroup;
			children = (
				383A09B7266AE1CE0051E74D /* WendelDanielAdaptiveLayoutProjectTests.swift */,
				383A09B9266AE1CE0051E74D /* Info.plist */,
			);
			path = WendelDanielAdaptiveLayoutProjectTests;
			sourceTree = "<group>";
		};
		383A09C1266AE1CE0051E74D /* WendelDanielAdaptiveLayoutProjectUITests */ = {
			isa = PBXGroup;
			children = (
				383A09C2266AE1CE0051E74D /* WendelDanielAdaptiveLayoutProjectUITests.swift */,
				383A09C4266AE1CE0051E74D /* Info.plist */,
			);
			path = WendelDanielAdaptiveLayoutProjectUITests;
			sourceTree = "<group>";
		};
/* End PBXGroup section */

/* Begin PBXNativeTarget section */
		383A099C266AE1CC0051E74D /* WendelDanielAdaptiveLayoutProject */ = {
			isa = PBXNativeTarget;
			buildConfigurationList = 383A09C7266AE1CE0051E74D /* Build configuration list for PBXNativeTarget "WendelDanielAdaptiveLayoutProject" */;
			buildPhases = (
				383A0999266AE1CC0051E74D /* Sources */,
				383A099A266AE1CC0051E74D /* Frameworks */,
				383A099B266AE1CC0051E74D /* Resources */,
			);
			buildRules = (
			);
			dependencies = (
			);
			name = WendelDanielAdaptiveLayoutProject;
			productName = WendelDanielAdaptiveLayoutProject;
			productReference = 383A099D266AE1CC0051E74D /* WendelDanielAdaptiveLayoutProject.app */;
			productType = "com.apple.product-type.application";
		};
		383A09B2266AE1CD0051E74D /* WendelDanielAdaptiveLayoutProjectTests */ = {
			isa = PBXNativeTarget;
			buildConfigurationList = 383A09CA266AE1CE0051E74D /* Build configuration list for PBXNativeTarget "WendelDanielAdaptiveLayoutProjectTests" */;
			buildPhases = (
				383A09AF266AE1CD0051E74D /* Sources */,
				383A09B0266AE1CD0051E74D /* Frameworks */,
				383A09B1266AE1CD0051E74D /* Resources */,
			);
			buildRules = (
			);
			dependencies = (
				383A09B5266AE1CE0051E74D /* PBXTargetDependency */,
			);
			name = WendelDanielAdaptiveLayoutProjectTests;
			productName = WendelDanielAdaptiveLayoutProjectTests;
			productReference = 383A09B3266AE1CD0051E74D /* WendelDanielAdaptiveLayoutProjectTests.xctest */;
			productType = "com.apple.product-type.bundle.unit-test";
		};
		383A09BD266AE1CE0051E74D /* WendelDanielAdaptiveLayoutProjectUITests */ = {
			isa = PBXNativeTarget;
			buildConfigurationList = 383A09CD266AE1CE0051E74D /* Build configuration list for PBXNativeTarget "WendelDanielAdaptiveLayoutProjectUITests" */;
			buildPhases = (
				383A09BA266AE1CE0051E74D /* Sources */,
				383A09BB266AE1CE0051E74D /* Frameworks */,
				383A09BC266AE1CE0051E74D /* Resources */,
			);
			buildRules = (
			);
			dependencies = (
				383A09C0266AE1CE0051E74D /* PBXTargetDependency */,
			);
			name = WendelDanielAdaptiveLayoutProjectUITests;
			productName = WendelDanielAdaptiveLayoutProjectUITests;
			productReference = 383A09BE266AE1CE0051E74D /* WendelDanielAdaptiveLayoutProjectUITests.xctest */;
			productType = "com.apple.product-type.bundle.ui-testing";
		};
/* End PBXNativeTarget section */

/* Begin PBXProject section */
		383A0995266AE1CC0051E74D /* Project object */ = {
			isa = PBXProject;
			attributes = {
				LastSwiftUpdateCheck = 1250;
				LastUpgradeCheck = 1250;
				TargetAttributes = {
					383A099C266AE1CC0051E74D = {
						CreatedOnToolsVersion = 12.5;
					};
					383A09B2266AE1CD0051E74D = {
						CreatedOnToolsVersion = 12.5;
						TestTargetID = 383A099C266AE1CC0051E74D;
					};
					383A09BD266AE1CE0051E74D = {
						CreatedOnToolsVersion = 12.5;
						TestTargetID = 383A099C266AE1CC0051E74D;
					};
				};
			};
			buildConfigurationList = 383A0998266AE1CC0051E74D /* Build configuration list for PBXProject "WendelDanielAdaptiveLayoutProject" */;
			compatibilityVersion = "Xcode 9.3";
			developmentRegion = en;
			hasScannedForEncodings = 0;
			knownRegions = (
				en,
				Base,
			);
			mainGroup = 383A0994266AE1CC0051E74D;
			productRefGroup = 383A099E266AE1CC0051E74D /* Products */;
			projectDirPath = "";
			projectRoot = "";
			targets = (
				383A099C266AE1CC0051E74D /* WendelDanielAdaptiveLayoutProject */,
				383A09B2266AE1CD0051E74D /* WendelDanielAdaptiveLayoutProjectTests */,
				383A09BD266AE1CE0051E74D /* WendelDanielAdaptiveLayoutProjectUITests */,
			);
		};
/* End PBXProject section */

/* Begin PBXResourcesBuildPhase section */
		383A099B266AE1CC0051E74D /* Resources */ = {
			isa = PBXResourcesBuildPhase;
			buildActionMask = 2147483647;
			files = (
				383A09AD266AE1CD0051E74D /* LaunchScreen.storyboard in Resources */,
				383A09AA266AE1CD0051E74D /* Assets.xcassets in Resources */,
				383A09A8266AE1CC0051E74D /* Main.storyboard in Resources */,
				383A09D7267028FE0051E74D /* clickSound.wav in Resources */,
			);
			runOnlyForDeploymentPostprocessing = 0;
		};
		383A09B1266AE1CD0051E74D /* Resources */ = {
			isa = PBXResourcesBuildPhase;
			buildActionMask = 2147483647;
			files = (
			);
			runOnlyForDeploymentPostprocessing = 0;
		};
		383A09BC266AE1CE0051E74D /* Resources */ = {
			isa = PBXResourcesBuildPhase;
			buildActionMask = 2147483647;
			files = (
			);
			runOnlyForDeploymentPostprocessing = 0;
		};
/* End PBXResourcesBuildPhase section */

/* Begin PBXSourcesBuildPhase section */
		383A0999266AE1CC0051E74D /* Sources */ = {
			isa = PBXSourcesBuildPhase;
			buildActionMask = 2147483647;
			files = (
				383A09A5266AE1CC0051E74D /* ViewController.swift in Sources */,
				383A09A1266AE1CC0051E74D /* AppDelegate.swift in Sources */,
				388E4F91268139F000C5E65B /* CustomCell.swift in Sources */,
				383A09DA267039560051E74D /* Card.swift in Sources */,
				383A09DB267039560051E74D /* CardData.swift in Sources */,
				388E4F8F268135C500C5E65B /* PlayerInfoController.swift in Sources */,
				388E4F8B268129FE00C5E65B /* Player.swift in Sources */,
				388E4F8D26812BB100C5E65B /* GameData.swift in Sources */,
				388E4F9326813BC100C5E65B /* CreateProfile.swift in Sources */,
				383A09A3266AE1CC0051E74D /* SceneDelegate.swift in Sources */,
				383A09D1266BF5E40051E74D /* Extensions.swift in Sources */,
			);
			runOnlyForDeploymentPostprocessing = 0;
		};
		383A09AF266AE1CD0051E74D /* Sources */ = {
			isa = PBXSourcesBuildPhase;
			buildActionMask = 2147483647;
			files = (
				383A09B8266AE1CE0051E74D /* WendelDanielAdaptiveLayoutProjectTests.swift in Sources */,
			);
			runOnlyForDeploymentPostprocessing = 0;
		};
		383A09BA266AE1CE0051E74D /* Sources */ = {
			isa = PBXSourcesBuildPhase;
			buildActionMask = 2147483647;
			files = (
				383A09C3266AE1CE0051E74D /* WendelDanielAdaptiveLayoutProjectUITests.swift in Sources */,
			);
			runOnlyForDeploymentPostprocessing = 0;
		};
/* End PBXSourcesBuildPhase section */

/* Begin PBXTargetDependency section */
		383A09B5266AE1CE0051E74D /* PBXTargetDependency */ = {
			isa = PBXTargetDependency;
			target = 383A099C266AE1CC0051E74D /* WendelDanielAdaptiveLayoutProject */;
			targetProxy = 383A09B4266AE1CE0051E74D /* PBXContainerItemProxy */;
		};
		383A09C0266AE1CE0051E74D /* PBXTargetDependency */ = {
			isa = PBXTargetDependency;
			target = 383A099C266AE1CC0051E74D /* WendelDanielAdaptiveLayoutProject */;
			targetProxy = 383A09BF266AE1CE0051E74D /* PBXContainerItemProxy */;
		};
/* End PBXTargetDependency section */

/* Begin PBXVariantGroup section */
		383A09A6266AE1CC0051E74D /* Main.storyboard */ = {
			isa = PBXVariantGroup;
			children = (
				383A09A7266AE1CC0051E74D /* Base */,
			);
			name = Main.storyboard;
			sourceTree = "<group>";
		};
		383A09AB266AE1CD0051E74D /* LaunchScreen.storyboard */ = {
			isa = PBXVariantGroup;
			children = (
				383A09AC266AE1CD0051E74D /* Base */,
			);
			name = LaunchScreen.storyboard;
			sourceTree = "<group>";
		};
/* End PBXVariantGroup section */

/* Begin XCBuildConfiguration section */
		383A09C5266AE1CE0051E74D /* Debug */ = {
			isa = XCBuildConfiguration;
			buildSettings = {
				ALWAYS_SEARCH_USER_PATHS = NO;
				CLANG_ANALYZER_NONNULL = YES;
				CLANG_ANALYZER_NUMBER_OBJECT_CONVERSION = YES_AGGRESSIVE;
				CLANG_CXX_LANGUAGE_STANDARD = "gnu++14";
				CLANG_CXX_LIBRARY = "libc++";
				CLANG_ENABLE_MODULES = YES;
				CLANG_ENABLE_OBJC_ARC = YES;
				CLANG_ENABLE_OBJC_WEAK = YES;
				CLANG_WARN_BLOCK_CAPTURE_AUTORELEASING = YES;
				CLANG_WARN_BOOL_CONVERSION = YES;
				CLANG_WARN_COMMA = YES;
				CLANG_WARN_CONSTANT_CONVERSION = YES;
				CLANG_WARN_DEPRECATED_OBJC_IMPLEMENTATIONS = YES;
				CLANG_WARN_DIRECT_OBJC_ISA_USAGE = YES_ERROR;
				CLANG_WARN_DOCUMENTATION_COMMENTS = YES;
				CLANG_WARN_EMPTY_BODY = YES;
				CLANG_WARN_ENUM_CONVERSION = YES;
				CLANG_WARN_INFINITE_RECURSION = YES;
				CLANG_WARN_INT_CONVERSION = YES;
				CLANG_WARN_NON_LITERAL_NULL_CONVERSION = YES;
				CLANG_WARN_OBJC_IMPLICIT_RETAIN_SELF = YES;
				CLANG_WARN_OBJC_LITERAL_CONVERSION = YES;
				CLANG_WARN_OBJC_ROOT_CLASS = YES_ERROR;
				CLANG_WARN_QUOTED_INCLUDE_IN_FRAMEWORK_HEADER = YES;
				CLANG_WARN_RANGE_LOOP_ANALYSIS = YES;
				CLANG_WARN_STRICT_PROTOTYPES = YES;
				CLANG_WARN_SUSPICIOUS_MOVE = YES;
				CLANG_WARN_UNGUARDED_AVAILABILITY = YES_AGGRESSIVE;
				CLANG_WARN_UNREACHABLE_CODE = YES;
				CLANG_WARN__DUPLICATE_METHOD_MATCH = YES;
				COPY_PHASE_STRIP = NO;
				DEBUG_INFORMATION_FORMAT = dwarf;
				ENABLE_STRICT_OBJC_MSGSEND = YES;
				ENABLE_TESTABILITY = YES;
				GCC_C_LANGUAGE_STANDARD = gnu11;
				GCC_DYNAMIC_NO_PIC = NO;
				GCC_NO_COMMON_BLOCKS = YES;
				GCC_OPTIMIZATION_LEVEL = 0;
				GCC_PREPROCESSOR_DEFINITIONS = (
					"DEBUG=1",
					"$(inherited)",
				);
				GCC_WARN_64_TO_32_BIT_CONVERSION = YES;
				GCC_WARN_ABOUT_RETURN_TYPE = YES_ERROR;
				GCC_WARN_UNDECLARED_SELECTOR = YES;
				GCC_WARN_UNINITIALIZED_AUTOS = YES_AGGRESSIVE;
				GCC_WARN_UNUSED_FUNCTION = YES;
				GCC_WARN_UNUSED_VARIABLE = YES;
				IPHONEOS_DEPLOYMENT_TARGET = 14.5;
				MTL_ENABLE_DEBUG_INFO = INCLUDE_SOURCE;
				MTL_FAST_MATH = YES;
				ONLY_ACTIVE_ARCH = YES;
				SDKROOT = iphoneos;
				SWIFT_ACTIVE_COMPILATION_CONDITIONS = DEBUG;
				SWIFT_OPTIMIZATION_LEVEL = "-Onone";
			};
			name = Debug;
		};
		383A09C6266AE1CE0051E74D /* Release */ = {
			isa = XCBuildConfiguration;
			buildSettings = {
				ALWAYS_SEARCH_USER_PATHS = NO;
				CLANG_ANALYZER_NONNULL = YES;
				CLANG_ANALYZER_NUMBER_OBJECT_CONVERSION = YES_AGGRESSIVE;
				CLANG_CXX_LANGUAGE_STANDARD = "gnu++14";
				CLANG_CXX_LIBRARY = "libc++";
				CLANG_ENABLE_MODULES = YES;
				CLANG_ENABLE_OBJC_ARC = YES;
				CLANG_ENABLE_OBJC_WEAK = YES;
				CLANG_WARN_BLOCK_CAPTURE_AUTORELEASING = YES;
				CLANG_WARN_BOOL_CONVERSION = YES;
				CLANG_WARN_COMMA = YES;
				CLANG_WARN_CONSTANT_CONVERSION = YES;
				CLANG_WARN_DEPRECATED_OBJC_IMPLEMENTATIONS = YES;
				CLANG_WARN_DIRECT_OBJC_ISA_USAGE = YES_ERROR;
				CLANG_WARN_DOCUMENTATION_COMMENTS = YES;
				CLANG_WARN_EMPTY_BODY = YES;
				CLANG_WARN_ENUM_CONVERSION = YES;
				CLANG_WARN_INFINITE_RECURSION = YES;
				CLANG_WARN_INT_CONVERSION = YES;
				CLANG_WARN_NON_LITERAL_NULL_CONVERSION = YES;
				CLANG_WARN_OBJC_IMPLICIT_RETAIN_SELF = YES;
				CLANG_WARN_OBJC_LITERAL_CONVERSION = YES;
				CLANG_WARN_OBJC_ROOT_CLASS = YES_ERROR;
				CLANG_WARN_QUOTED_INCLUDE_IN_FRAMEWORK_HEADER = YES;
				CLANG_WARN_RANGE_LOOP_ANALYSIS = YES;
				CLANG_WARN_STRICT_PROTOTYPES = YES;
				CLANG_WARN_SUSPICIOUS_MOVE = YES;
				CLANG_WARN_UNGUARDED_AVAILABILITY = YES_AGGRESSIVE;
				CLANG_WARN_UNREACHABLE_CODE = YES;
				CLANG_WARN__DUPLICATE_METHOD_MATCH = YES;
				COPY_PHASE_STRIP = NO;
				DEBUG_INFORMATION_FORMAT = "dwarf-with-dsym";
				ENABLE_NS_ASSERTIONS = NO;
				ENABLE_STRICT_OBJC_MSGSEND = YES;
				GCC_C_LANGUAGE_STANDARD = gnu11;
				GCC_NO_COMMON_BLOCKS = YES;
				GCC_WARN_64_TO_32_BIT_CONVERSION = YES;
				GCC_WARN_ABOUT_RETURN_TYPE = YES_ERROR;
				GCC_WARN_UNDECLARED_SELECTOR = YES;
				GCC_WARN_UNINITIALIZED_AUTOS = YES_AGGRESSIVE;
				GCC_WARN_UNUSED_FUNCTION = YES;
				GCC_WARN_UNUSED_VARIABLE = YES;
				IPHONEOS_DEPLOYMENT_TARGET = 14.5;
				MTL_ENABLE_DEBUG_INFO = NO;
				MTL_FAST_MATH = YES;
				SDKROOT = iphoneos;
				SWIFT_COMPILATION_MODE = wholemodule;
				SWIFT_OPTIMIZATION_LEVEL = "-O";
				VALIDATE_PRODUCT = YES;
			};
			name = Release;
		};
		383A09C8266AE1CE0051E74D /* Debug */ = {
			isa = XCBuildConfiguration;
			buildSettings = {
				ASSETCATALOG_COMPILER_APPICON_NAME = AppIcon;
				ASSETCATALOG_COMPILER_GLOBAL_ACCENT_COLOR_NAME = AccentColor;
				CODE_SIGN_STYLE = Automatic;
				DEVELOPMENT_TEAM = 9562T52TKH;
				INFOPLIST_FILE = WendelDanielAdaptiveLayoutProject/Info.plist;
				LD_RUNPATH_SEARCH_PATHS = (
					"$(inherited)",
					"@executable_path/Frameworks",
				);
				PRODUCT_BUNDLE_IDENTIFIER = com.DanielWendel.WendelDanielAdaptiveLayoutProject;
				PRODUCT_NAME = "$(TARGET_NAME)";
				SWIFT_VERSION = 5.0;
				TARGETED_DEVICE_FAMILY = "1,2";
			};
			name = Debug;
		};
		383A09C9266AE1CE0051E74D /* Release */ = {
			isa = XCBuildConfiguration;
			buildSettings = {
				ASSETCATALOG_COMPILER_APPICON_NAME = AppIcon;
				ASSETCATALOG_COMPILER_GLOBAL_ACCENT_COLOR_NAME = AccentColor;
				CODE_SIGN_STYLE = Automatic;
				DEVELOPMENT_TEAM = 9562T52TKH;
				INFOPLIST_FILE = WendelDanielAdaptiveLayoutProject/Info.plist;
				LD_RUNPATH_SEARCH_PATHS = (
					"$(inherited)",
					"@executable_path/Frameworks",
				);
				PRODUCT_BUNDLE_IDENTIFIER = com.DanielWendel.WendelDanielAdaptiveLayoutProject;
				PRODUCT_NAME = "$(TARGET_NAME)";
				SWIFT_VERSION = 5.0;
				TARGETED_DEVICE_FAMILY = "1,2";
			};
			name = Release;
		};
		383A09CB266AE1CE0051E74D /* Debug */ = {
			isa = XCBuildConfiguration;
			buildSettings = {
				ALWAYS_EMBED_SWIFT_STANDARD_LIBRARIES = YES;
				BUNDLE_LOADER = "$(TEST_HOST)";
				CODE_SIGN_STYLE = Automatic;
				DEVELOPMENT_TEAM = 9562T52TKH;
				INFOPLIST_FILE = WendelDanielAdaptiveLayoutProjectTests/Info.plist;
				IPHONEOS_DEPLOYMENT_TARGET = 14.5;
				LD_RUNPATH_SEARCH_PATHS = (
					"$(inherited)",
					"@executable_path/Frameworks",
					"@loader_path/Frameworks",
				);
				PRODUCT_BUNDLE_IDENTIFIER = com.DanielWendel.WendelDanielAdaptiveLayoutProjectTests;
				PRODUCT_NAME = "$(TARGET_NAME)";
				SWIFT_VERSION = 5.0;
				TARGETED_DEVICE_FAMILY = "1,2";
				TEST_HOST = "$(BUILT_PRODUCTS_DIR)/WendelDanielAdaptiveLayoutProject.app/WendelDanielAdaptiveLayoutProject";
			};
			name = Debug;
		};
		383A09CC266AE1CE0051E74D /* Release */ = {
			isa = XCBuildConfiguration;
			buildSettings = {
				ALWAYS_EMBED_SWIFT_STANDARD_LIBRARIES = YES;
				BUNDLE_LOADER = "$(TEST_HOST)";
				CODE_SIGN_STYLE = Automatic;
				DEVELOPMENT_TEAM = 9562T52TKH;
				INFOPLIST_FILE = WendelDanielAdaptiveLayoutProjectTests/Info.plist;
				IPHONEOS_DEPLOYMENT_TARGET = 14.5;
				LD_RUNPATH_SEARCH_PATHS = (
					"$(inherited)",
					"@executable_path/Frameworks",
					"@loader_path/Frameworks",
				);
				PRODUCT_BUNDLE_IDENTIFIER = com.DanielWendel.WendelDanielAdaptiveLayoutProjectTests;
				PRODUCT_NAME = "$(TARGET_NAME)";
				SWIFT_VERSION = 5.0;
				TARGETED_DEVICE_FAMILY = "1,2";
				TEST_HOST = "$(BUILT_PRODUCTS_DIR)/WendelDanielAdaptiveLayoutProject.app/WendelDanielAdaptiveLayoutProject";
			};
			name = Release;
		};
		383A09CE266AE1CE0051E74D /* Debug */ = {
			isa = XCBuildConfiguration;
			buildSettings = {
				ALWAYS_EMBED_SWIFT_STANDARD_LIBRARIES = YES;
				CODE_SIGN_STYLE = Automatic;
				DEVELOPMENT_TEAM = 9562T52TKH;
				INFOPLIST_FILE = WendelDanielAdaptiveLayoutProjectUITests/Info.plist;
				LD_RUNPATH_SEARCH_PATHS = (
					"$(inherited)",
					"@executable_path/Frameworks",
					"@loader_path/Frameworks",
				);
				PRODUCT_BUNDLE_IDENTIFIER = com.DanielWendel.WendelDanielAdaptiveLayoutProjectUITests;
				PRODUCT_NAME = "$(TARGET_NAME)";
				SWIFT_VERSION = 5.0;
				TARGETED_DEVICE_FAMILY = "1,2";
				TEST_TARGET_NAME = WendelDanielAdaptiveLayoutProject;
			};
			name = Debug;
		};
		383A09CF266AE1CE0051E74D /* Release */ = {
			isa = XCBuildConfiguration;
			buildSettings = {
				ALWAYS_EMBED_SWIFT_STANDARD_LIBRARIES = YES;
				CODE_SIGN_STYLE = Automatic;
				DEVELOPMENT_TEAM = 9562T52TKH;
				INFOPLIST_FILE = WendelDanielAdaptiveLayoutProjectUITests/Info.plist;
				LD_RUNPATH_SEARCH_PATHS = (
					"$(inherited)",
					"@executable_path/Frameworks",
					"@loader_path/Frameworks",
				);
				PRODUCT_BUNDLE_IDENTIFIER = com.DanielWendel.WendelDanielAdaptiveLayoutProjectUITests;
				PRODUCT_NAME = "$(TARGET_NAME)";
				SWIFT_VERSION = 5.0;
				TARGETED_DEVICE_FAMILY = "1,2";
				TEST_TARGET_NAME = WendelDanielAdaptiveLayoutProject;
			};
			name = Release;
		};
/* End XCBuildConfiguration section */

/* Begin XCConfigurationList section */
		383A0998266AE1CC0051E74D /* Build configuration list for PBXProject "WendelDanielAdaptiveLayoutProject" */ = {
			isa = XCConfigurationList;
			buildConfigurations = (
				383A09C5266AE1CE0051E74D /* Debug */,
				383A09C6266AE1CE0051E74D /* Release */,
			);
			defaultConfigurationIsVisible = 0;
			defaultConfigurationName = Release;
		};
		383A09C7266AE1CE0051E74D /* Build configuration list for PBXNativeTarget "WendelDanielAdaptiveLayoutProject" */ = {
			isa = XCConfigurationList;
			buildConfigurations = (
				383A09C8266AE1CE0051E74D /* Debug */,
				383A09C9266AE1CE0051E74D /* Release */,
			);
			defaultConfigurationIsVisible = 0;
			defaultConfigurationName = Release;
		};
		383A09CA266AE1CE0051E74D /* Build configuration list for PBXNativeTarget "WendelDanielAdaptiveLayoutProjectTests" */ = {
			isa = XCConfigurationList;
			buildConfigurations = (
				383A09CB266AE1CE0051E74D /* Debug */,
				383A09CC266AE1CE0051E74D /* Release */,
			);
			defaultConfigurationIsVisible = 0;
			defaultConfigurationName = Release;
		};
		383A09CD266AE1CE0051E74D /* Build configuration list for PBXNativeTarget "WendelDanielAdaptiveLayoutProjectUITests" */ = {
			isa = XCConfigurationList;
			buildConfigurations = (
				383A09CE266AE1CE0051E74D /* Debug */,
				383A09CF266AE1CE0051E74D /* Release */,
			);
			defaultConfigurationIsVisible = 0;
			defaultConfigurationName = Release;
		};
/* End XCConfigurationList section */
	};
	rootObject = 383A0995266AE1CC0051E74D /* Project object */;
}
