// !$*UTF8*$!
{
	archiveVersion = 1;
	classes = {
	};
	objectVersion = 50;
	objects = {

/* Begin PBXBuildFile section */
		38F0D36426444B7D00CB4C53 /* AppDelegate.swift in Sources */ = {isa = PBXBuildFile; fileRef = 38F0D36326444B7D00CB4C53 /* AppDelegate.swift */; };
		38F0D36626444B7D00CB4C53 /* SceneDelegate.swift in Sources */ = {isa = PBXBuildFile; fileRef = 38F0D36526444B7D00CB4C53 /* SceneDelegate.swift */; };
		38F0D36826444B7D00CB4C53 /* ViewController.swift in Sources */ = {isa = PBXBuildFile; fileRef = 38F0D36726444B7D00CB4C53 /* ViewController.swift */; };
		38F0D36D26444B7E00CB4C53 /* Assets.xcassets in Resources */ = {isa = PBXBuildFile; fileRef = 38F0D36C26444B7E00CB4C53 /* Assets.xcassets */; };
		38F0D37026444B7E00CB4C53 /* LaunchScreen.storyboard in Resources */ = {isa = PBXBuildFile; fileRef = 38F0D36E26444B7E00CB4C53 /* LaunchScreen.storyboard */; };
		38F0D37B26444B7E00CB4C53 /* WendelDaniel_CE03Tests.swift in Sources */ = {isa = PBXBuildFile; fileRef = 38F0D37A26444B7E00CB4C53 /* WendelDaniel_CE03Tests.swift */; };
		38F0D38626444B7E00CB4C53 /* WendelDaniel_CE03UITests.swift in Sources */ = {isa = PBXBuildFile; fileRef = 38F0D38526444B7E00CB4C53 /* WendelDaniel_CE03UITests.swift */; };
		38F0D394264454D400CB4C53 /* Company.swift in Sources */ = {isa = PBXBuildFile; fileRef = 38F0D393264454D400CB4C53 /* Company.swift */; };
		38F0D3962644627600CB4C53 /* CompanyInformation.swift in Sources */ = {isa = PBXBuildFile; fileRef = 38F0D3952644627600CB4C53 /* CompanyInformation.swift */; };
		38F0D398264462EB00CB4C53 /* Color.swift in Sources */ = {isa = PBXBuildFile; fileRef = 38F0D397264462EB00CB4C53 /* Color.swift */; };
/* End PBXBuildFile section */

/* Begin PBXContainerItemProxy section */
		38F0D37726444B7E00CB4C53 /* PBXContainerItemProxy */ = {
			isa = PBXContainerItemProxy;
			containerPortal = 38F0D35826444B7D00CB4C53 /* Project object */;
			proxyType = 1;
			remoteGlobalIDString = 38F0D35F26444B7D00CB4C53;
			remoteInfo = WendelDaniel_CE03;
		};
		38F0D38226444B7E00CB4C53 /* PBXContainerItemProxy */ = {
			isa = PBXContainerItemProxy;
			containerPortal = 38F0D35826444B7D00CB4C53 /* Project object */;
			proxyType = 1;
			remoteGlobalIDString = 38F0D35F26444B7D00CB4C53;
			remoteInfo = WendelDaniel_CE03;
		};
/* End PBXContainerItemProxy section */

/* Begin PBXFileReference section */
		38F0D36026444B7D00CB4C53 /* WendelDaniel_CE03.app */ = {isa = PBXFileReference; explicitFileType = wrapper.application; includeInIndex = 0; path = WendelDaniel_CE03.app; sourceTree = BUILT_PRODUCTS_DIR; };
		38F0D36326444B7D00CB4C53 /* AppDelegate.swift */ = {isa = PBXFileReference; lastKnownFileType = sourcecode.swift; path = AppDelegate.swift; sourceTree = "<group>"; };
		38F0D36526444B7D00CB4C53 /* SceneDelegate.swift */ = {isa = PBXFileReference; lastKnownFileType = sourcecode.swift; path = SceneDelegate.swift; sourceTree = "<group>"; };
		38F0D36726444B7D00CB4C53 /* ViewController.swift */ = {isa = PBXFileReference; lastKnownFileType = sourcecode.swift; path = ViewController.swift; sourceTree = "<group>"; };
		38F0D36C26444B7E00CB4C53 /* Assets.xcassets */ = {isa = PBXFileReference; lastKnownFileType = folder.assetcatalog; path = Assets.xcassets; sourceTree = "<group>"; };
		38F0D36F26444B7E00CB4C53 /* Base */ = {isa = PBXFileReference; lastKnownFileType = file.storyboard; name = Base; path = Base.lproj/LaunchScreen.storyboard; sourceTree = "<group>"; };
		38F0D37126444B7E00CB4C53 /* Info.plist */ = {isa = PBXFileReference; lastKnownFileType = text.plist.xml; path = Info.plist; sourceTree = "<group>"; };
		38F0D37626444B7E00CB4C53 /* WendelDaniel_CE03Tests.xctest */ = {isa = PBXFileReference; explicitFileType = wrapper.cfbundle; includeInIndex = 0; path = WendelDaniel_CE03Tests.xctest; sourceTree = BUILT_PRODUCTS_DIR; };
		38F0D37A26444B7E00CB4C53 /* WendelDaniel_CE03Tests.swift */ = {isa = PBXFileReference; lastKnownFileType = sourcecode.swift; path = WendelDaniel_CE03Tests.swift; sourceTree = "<group>"; };
		38F0D37C26444B7E00CB4C53 /* Info.plist */ = {isa = PBXFileReference; lastKnownFileType = text.plist.xml; path = Info.plist; sourceTree = "<group>"; };
		38F0D38126444B7E00CB4C53 /* WendelDaniel_CE03UITests.xctest */ = {isa = PBXFileReference; explicitFileType = wrapper.cfbundle; includeInIndex = 0; path = WendelDaniel_CE03UITests.xctest; sourceTree = BUILT_PRODUCTS_DIR; };
		38F0D38526444B7E00CB4C53 /* WendelDaniel_CE03UITests.swift */ = {isa = PBXFileReference; lastKnownFileType = sourcecode.swift; path = WendelDaniel_CE03UITests.swift; sourceTree = "<group>"; };
		38F0D38726444B7E00CB4C53 /* Info.plist */ = {isa = PBXFileReference; lastKnownFileType = text.plist.xml; path = Info.plist; sourceTree = "<group>"; };
		38F0D393264454D400CB4C53 /* Company.swift */ = {isa = PBXFileReference; lastKnownFileType = sourcecode.swift; path = Company.swift; sourceTree = "<group>"; };
		38F0D3952644627600CB4C53 /* CompanyInformation.swift */ = {isa = PBXFileReference; lastKnownFileType = sourcecode.swift; path = CompanyInformation.swift; sourceTree = "<group>"; };
		38F0D397264462EB00CB4C53 /* Color.swift */ = {isa = PBXFileReference; lastKnownFileType = sourcecode.swift; path = Color.swift; sourceTree = "<group>"; };
/* End PBXFileReference section */

/* Begin PBXFrameworksBuildPhase section */
		38F0D35D26444B7D00CB4C53 /* Frameworks */ = {
			isa = PBXFrameworksBuildPhase;
			buildActionMask = 2147483647;
			files = (
			);
			runOnlyForDeploymentPostprocessing = 0;
		};
		38F0D37326444B7E00CB4C53 /* Frameworks */ = {
			isa = PBXFrameworksBuildPhase;
			buildActionMask = 2147483647;
			files = (
			);
			runOnlyForDeploymentPostprocessing = 0;
		};
		38F0D37E26444B7E00CB4C53 /* Frameworks */ = {
			isa = PBXFrameworksBuildPhase;
			buildActionMask = 2147483647;
			files = (
			);
			runOnlyForDeploymentPostprocessing = 0;
		};
/* End PBXFrameworksBuildPhase section */

/* Begin PBXGroup section */
		38F0D35726444B7D00CB4C53 = {
			isa = PBXGroup;
			children = (
				38F0D36226444B7D00CB4C53 /* WendelDaniel_CE03 */,
				38F0D37926444B7E00CB4C53 /* WendelDaniel_CE03Tests */,
				38F0D38426444B7E00CB4C53 /* WendelDaniel_CE03UITests */,
				38F0D36126444B7D00CB4C53 /* Products */,
			);
			sourceTree = "<group>";
		};
		38F0D36126444B7D00CB4C53 /* Products */ = {
			isa = PBXGroup;
			children = (
				38F0D36026444B7D00CB4C53 /* WendelDaniel_CE03.app */,
				38F0D37626444B7E00CB4C53 /* WendelDaniel_CE03Tests.xctest */,
				38F0D38126444B7E00CB4C53 /* WendelDaniel_CE03UITests.xctest */,
			);
			name = Products;
			sourceTree = "<group>";
		};
		38F0D36226444B7D00CB4C53 /* WendelDaniel_CE03 */ = {
			isa = PBXGroup;
			children = (
				38F0D36326444B7D00CB4C53 /* AppDelegate.swift */,
				38F0D36526444B7D00CB4C53 /* SceneDelegate.swift */,
				38F0D36726444B7D00CB4C53 /* ViewController.swift */,
				38F0D3952644627600CB4C53 /* CompanyInformation.swift */,
				38F0D397264462EB00CB4C53 /* Color.swift */,
				38F0D393264454D400CB4C53 /* Company.swift */,
				38F0D36C26444B7E00CB4C53 /* Assets.xcassets */,
				38F0D36E26444B7E00CB4C53 /* LaunchScreen.storyboard */,
				38F0D37126444B7E00CB4C53 /* Info.plist */,
			);
			path = WendelDaniel_CE03;
			sourceTree = "<group>";
		};
		38F0D37926444B7E00CB4C53 /* WendelDaniel_CE03Tests */ = {
			isa = PBXGroup;
			children = (
				38F0D37A26444B7E00CB4C53 /* WendelDaniel_CE03Tests.swift */,
				38F0D37C26444B7E00CB4C53 /* Info.plist */,
			);
			path = WendelDaniel_CE03Tests;
			sourceTree = "<group>";
		};
		38F0D38426444B7E00CB4C53 /* WendelDaniel_CE03UITests */ = {
			isa = PBXGroup;
			children = (
				38F0D38526444B7E00CB4C53 /* WendelDaniel_CE03UITests.swift */,
				38F0D38726444B7E00CB4C53 /* Info.plist */,
			);
			path = WendelDaniel_CE03UITests;
			sourceTree = "<group>";
		};
/* End PBXGroup section */

/* Begin PBXNativeTarget section */
		38F0D35F26444B7D00CB4C53 /* WendelDaniel_CE03 */ = {
			isa = PBXNativeTarget;
			buildConfigurationList = 38F0D38A26444B7E00CB4C53 /* Build configuration list for PBXNativeTarget "WendelDaniel_CE03" */;
			buildPhases = (
				38F0D35C26444B7D00CB4C53 /* Sources */,
				38F0D35D26444B7D00CB4C53 /* Frameworks */,
				38F0D35E26444B7D00CB4C53 /* Resources */,
			);
			buildRules = (
			);
			dependencies = (
			);
			name = WendelDaniel_CE03;
			productName = WendelDaniel_CE03;
			productReference = 38F0D36026444B7D00CB4C53 /* WendelDaniel_CE03.app */;
			productType = "com.apple.product-type.application";
		};
		38F0D37526444B7E00CB4C53 /* WendelDaniel_CE03Tests */ = {
			isa = PBXNativeTarget;
			buildConfigurationList = 38F0D38D26444B7E00CB4C53 /* Build configuration list for PBXNativeTarget "WendelDaniel_CE03Tests" */;
			buildPhases = (
				38F0D37226444B7E00CB4C53 /* Sources */,
				38F0D37326444B7E00CB4C53 /* Frameworks */,
				38F0D37426444B7E00CB4C53 /* Resources */,
			);
			buildRules = (
			);
			dependencies = (
				38F0D37826444B7E00CB4C53 /* PBXTargetDependency */,
			);
			name = WendelDaniel_CE03Tests;
			productName = WendelDaniel_CE03Tests;
			productReference = 38F0D37626444B7E00CB4C53 /* WendelDaniel_CE03Tests.xctest */;
			productType = "com.apple.product-type.bundle.unit-test";
		};
		38F0D38026444B7E00CB4C53 /* WendelDaniel_CE03UITests */ = {
			isa = PBXNativeTarget;
			buildConfigurationList = 38F0D39026444B7E00CB4C53 /* Build configuration list for PBXNativeTarget "WendelDaniel_CE03UITests" */;
			buildPhases = (
				38F0D37D26444B7E00CB4C53 /* Sources */,
				38F0D37E26444B7E00CB4C53 /* Frameworks */,
				38F0D37F26444B7E00CB4C53 /* Resources */,
			);
			buildRules = (
			);
			dependencies = (
				38F0D38326444B7E00CB4C53 /* PBXTargetDependency */,
			);
			name = WendelDaniel_CE03UITests;
			productName = WendelDaniel_CE03UITests;
			productReference = 38F0D38126444B7E00CB4C53 /* WendelDaniel_CE03UITests.xctest */;
			productType = "com.apple.product-type.bundle.ui-testing";
		};
/* End PBXNativeTarget section */

/* Begin PBXProject section */
		38F0D35826444B7D00CB4C53 /* Project object */ = {
			isa = PBXProject;
			attributes = {
				LastSwiftUpdateCheck = 1250;
				LastUpgradeCheck = 1250;
				TargetAttributes = {
					38F0D35F26444B7D00CB4C53 = {
						CreatedOnToolsVersion = 12.5;
					};
					38F0D37526444B7E00CB4C53 = {
						CreatedOnToolsVersion = 12.5;
						TestTargetID = 38F0D35F26444B7D00CB4C53;
					};
					38F0D38026444B7E00CB4C53 = {
						CreatedOnToolsVersion = 12.5;
						TestTargetID = 38F0D35F26444B7D00CB4C53;
					};
				};
			};
			buildConfigurationList = 38F0D35B26444B7D00CB4C53 /* Build configuration list for PBXProject "WendelDaniel_CE03" */;
			compatibilityVersion = "Xcode 9.3";
			developmentRegion = en;
			hasScannedForEncodings = 0;
			knownRegions = (
				en,
				Base,
			);
			mainGroup = 38F0D35726444B7D00CB4C53;
			productRefGroup = 38F0D36126444B7D00CB4C53 /* Products */;
			projectDirPath = "";
			projectRoot = "";
			targets = (
				38F0D35F26444B7D00CB4C53 /* WendelDaniel_CE03 */,
				38F0D37526444B7E00CB4C53 /* WendelDaniel_CE03Tests */,
				38F0D38026444B7E00CB4C53 /* WendelDaniel_CE03UITests */,
			);
		};
/* End PBXProject section */

/* Begin PBXResourcesBuildPhase section */
		38F0D35E26444B7D00CB4C53 /* Resources */ = {
			isa = PBXResourcesBuildPhase;
			buildActionMask = 2147483647;
			files = (
				38F0D37026444B7E00CB4C53 /* LaunchScreen.storyboard in Resources */,
				38F0D36D26444B7E00CB4C53 /* Assets.xcassets in Resources */,
			);
			runOnlyForDeploymentPostprocessing = 0;
		};
		38F0D37426444B7E00CB4C53 /* Resources */ = {
			isa = PBXResourcesBuildPhase;
			buildActionMask = 2147483647;
			files = (
			);
			runOnlyForDeploymentPostprocessing = 0;
		};
		38F0D37F26444B7E00CB4C53 /* Resources */ = {
			isa = PBXResourcesBuildPhase;
			buildActionMask = 2147483647;
			files = (
			);
			runOnlyForDeploymentPostprocessing = 0;
		};
/* End PBXResourcesBuildPhase section */

/* Begin PBXSourcesBuildPhase section */
		38F0D35C26444B7D00CB4C53 /* Sources */ = {
			isa = PBXSourcesBuildPhase;
			buildActionMask = 2147483647;
			files = (
				38F0D3962644627600CB4C53 /* CompanyInformation.swift in Sources */,
				38F0D36826444B7D00CB4C53 /* ViewController.swift in Sources */,
				38F0D36426444B7D00CB4C53 /* AppDelegate.swift in Sources */,
				38F0D36626444B7D00CB4C53 /* SceneDelegate.swift in Sources */,
				38F0D394264454D400CB4C53 /* Company.swift in Sources */,
				38F0D398264462EB00CB4C53 /* Color.swift in Sources */,
			);
			runOnlyForDeploymentPostprocessing = 0;
		};
		38F0D37226444B7E00CB4C53 /* Sources */ = {
			isa = PBXSourcesBuildPhase;
			buildActionMask = 2147483647;
			files = (
				38F0D37B26444B7E00CB4C53 /* WendelDaniel_CE03Tests.swift in Sources */,
			);
			runOnlyForDeploymentPostprocessing = 0;
		};
		38F0D37D26444B7E00CB4C53 /* Sources */ = {
			isa = PBXSourcesBuildPhase;
			buildActionMask = 2147483647;
			files = (
				38F0D38626444B7E00CB4C53 /* WendelDaniel_CE03UITests.swift in Sources */,
			);
			runOnlyForDeploymentPostprocessing = 0;
		};
/* End PBXSourcesBuildPhase section */

/* Begin PBXTargetDependency section */
		38F0D37826444B7E00CB4C53 /* PBXTargetDependency */ = {
			isa = PBXTargetDependency;
			target = 38F0D35F26444B7D00CB4C53 /* WendelDaniel_CE03 */;
			targetProxy = 38F0D37726444B7E00CB4C53 /* PBXContainerItemProxy */;
		};
		38F0D38326444B7E00CB4C53 /* PBXTargetDependency */ = {
			isa = PBXTargetDependency;
			target = 38F0D35F26444B7D00CB4C53 /* WendelDaniel_CE03 */;
			targetProxy = 38F0D38226444B7E00CB4C53 /* PBXContainerItemProxy */;
		};
/* End PBXTargetDependency section */

/* Begin PBXVariantGroup section */
		38F0D36E26444B7E00CB4C53 /* LaunchScreen.storyboard */ = {
			isa = PBXVariantGroup;
			children = (
				38F0D36F26444B7E00CB4C53 /* Base */,
			);
			name = LaunchScreen.storyboard;
			sourceTree = "<group>";
		};
/* End PBXVariantGroup section */

/* Begin XCBuildConfiguration section */
		38F0D38826444B7E00CB4C53 /* Debug */ = {
			isa = XCBuildConfiguration;
			buildSettings = {
				ALWAYS_SEARCH_USER_PATHS = NO;
				CLANG_ANALYZER_NONNULL = YES;
				CLANG_ANALYZER_NUMBER_OBJECT_CONVERSION = YES_AGGRESSIVE;
				CLANG_CXX_LANGUAGE_STANDARD = "gnu++14";
				CLANG_CXX_LIBRARY = "libc++";
				CLANG_ENABLE_MODULES = YES;
				CLANG_ENABLE_OBJC_ARC = YES;
				CLANG_ENABLE_OBJC_WEAK = YES;
				CLANG_WARN_BLOCK_CAPTURE_AUTORELEASING = YES;
				CLANG_WARN_BOOL_CONVERSION = YES;
				CLANG_WARN_COMMA = YES;
				CLANG_WARN_CONSTANT_CONVERSION = YES;
				CLANG_WARN_DEPRECATED_OBJC_IMPLEMENTATIONS = YES;
				CLANG_WARN_DIRECT_OBJC_ISA_USAGE = YES_ERROR;
				CLANG_WARN_DOCUMENTATION_COMMENTS = YES;
				CLANG_WARN_EMPTY_BODY = YES;
				CLANG_WARN_ENUM_CONVERSION = YES;
				CLANG_WARN_INFINITE_RECURSION = YES;
				CLANG_WARN_INT_CONVERSION = YES;
				CLANG_WARN_NON_LITERAL_NULL_CONVERSION = YES;
				CLANG_WARN_OBJC_IMPLICIT_RETAIN_SELF = YES;
				CLANG_WARN_OBJC_LITERAL_CONVERSION = YES;
				CLANG_WARN_OBJC_ROOT_CLASS = YES_ERROR;
				CLANG_WARN_QUOTED_INCLUDE_IN_FRAMEWORK_HEADER = YES;
				CLANG_WARN_RANGE_LOOP_ANALYSIS = YES;
				CLANG_WARN_STRICT_PROTOTYPES = YES;
				CLANG_WARN_SUSPICIOUS_MOVE = YES;
				CLANG_WARN_UNGUARDED_AVAILABILITY = YES_AGGRESSIVE;
				CLANG_WARN_UNREACHABLE_CODE = YES;
				CLANG_WARN__DUPLICATE_METHOD_MATCH = YES;
				COPY_PHASE_STRIP = NO;
				DEBUG_INFORMATION_FORMAT = dwarf;
				ENABLE_STRICT_OBJC_MSGSEND = YES;
				ENABLE_TESTABILITY = YES;
				GCC_C_LANGUAGE_STANDARD = gnu11;
				GCC_DYNAMIC_NO_PIC = NO;
				GCC_NO_COMMON_BLOCKS = YES;
				GCC_OPTIMIZATION_LEVEL = 0;
				GCC_PREPROCESSOR_DEFINITIONS = (
					"DEBUG=1",
					"$(inherited)",
				);
				GCC_WARN_64_TO_32_BIT_CONVERSION = YES;
				GCC_WARN_ABOUT_RETURN_TYPE = YES_ERROR;
				GCC_WARN_UNDECLARED_SELECTOR = YES;
				GCC_WARN_UNINITIALIZED_AUTOS = YES_AGGRESSIVE;
				GCC_WARN_UNUSED_FUNCTION = YES;
				GCC_WARN_UNUSED_VARIABLE = YES;
				IPHONEOS_DEPLOYMENT_TARGET = 14.5;
				MTL_ENABLE_DEBUG_INFO = INCLUDE_SOURCE;
				MTL_FAST_MATH = YES;
				ONLY_ACTIVE_ARCH = YES;
				SDKROOT = iphoneos;
				SWIFT_ACTIVE_COMPILATION_CONDITIONS = DEBUG;
				SWIFT_OPTIMIZATION_LEVEL = "-Onone";
			};
			name = Debug;
		};
		38F0D38926444B7E00CB4C53 /* Release */ = {
			isa = XCBuildConfiguration;
			buildSettings = {
				ALWAYS_SEARCH_USER_PATHS = NO;
				CLANG_ANALYZER_NONNULL = YES;
				CLANG_ANALYZER_NUMBER_OBJECT_CONVERSION = YES_AGGRESSIVE;
				CLANG_CXX_LANGUAGE_STANDARD = "gnu++14";
				CLANG_CXX_LIBRARY = "libc++";
				CLANG_ENABLE_MODULES = YES;
				CLANG_ENABLE_OBJC_ARC = YES;
				CLANG_ENABLE_OBJC_WEAK = YES;
				CLANG_WARN_BLOCK_CAPTURE_AUTORELEASING = YES;
				CLANG_WARN_BOOL_CONVERSION = YES;
				CLANG_WARN_COMMA = YES;
				CLANG_WARN_CONSTANT_CONVERSION = YES;
				CLANG_WARN_DEPRECATED_OBJC_IMPLEMENTATIONS = YES;
				CLANG_WARN_DIRECT_OBJC_ISA_USAGE = YES_ERROR;
				CLANG_WARN_DOCUMENTATION_COMMENTS = YES;
				CLANG_WARN_EMPTY_BODY = YES;
				CLANG_WARN_ENUM_CONVERSION = YES;
				CLANG_WARN_INFINITE_RECURSION = YES;
				CLANG_WARN_INT_CONVERSION = YES;
				CLANG_WARN_NON_LITERAL_NULL_CONVERSION = YES;
				CLANG_WARN_OBJC_IMPLICIT_RETAIN_SELF = YES;
				CLANG_WARN_OBJC_LITERAL_CONVERSION = YES;
				CLANG_WARN_OBJC_ROOT_CLASS = YES_ERROR;
				CLANG_WARN_QUOTED_INCLUDE_IN_FRAMEWORK_HEADER = YES;
				CLANG_WARN_RANGE_LOOP_ANALYSIS = YES;
				CLANG_WARN_STRICT_PROTOTYPES = YES;
				CLANG_WARN_SUSPICIOUS_MOVE = YES;
				CLANG_WARN_UNGUARDED_AVAILABILITY = YES_AGGRESSIVE;
				CLANG_WARN_UNREACHABLE_CODE = YES;
				CLANG_WARN__DUPLICATE_METHOD_MATCH = YES;
				COPY_PHASE_STRIP = NO;
				DEBUG_INFORMATION_FORMAT = "dwarf-with-dsym";
				ENABLE_NS_ASSERTIONS = NO;
				ENABLE_STRICT_OBJC_MSGSEND = YES;
				GCC_C_LANGUAGE_STANDARD = gnu11;
				GCC_NO_COMMON_BLOCKS = YES;
				GCC_WARN_64_TO_32_BIT_CONVERSION = YES;
				GCC_WARN_ABOUT_RETURN_TYPE = YES_ERROR;
				GCC_WARN_UNDECLARED_SELECTOR = YES;
				GCC_WARN_UNINITIALIZED_AUTOS = YES_AGGRESSIVE;
				GCC_WARN_UNUSED_FUNCTION = YES;
				GCC_WARN_UNUSED_VARIABLE = YES;
				IPHONEOS_DEPLOYMENT_TARGET = 14.5;
				MTL_ENABLE_DEBUG_INFO = NO;
				MTL_FAST_MATH = YES;
				SDKROOT = iphoneos;
				SWIFT_COMPILATION_MODE = wholemodule;
				SWIFT_OPTIMIZATION_LEVEL = "-O";
				VALIDATE_PRODUCT = YES;
			};
			name = Release;
		};
		38F0D38B26444B7E00CB4C53 /* Debug */ = {
			isa = XCBuildConfiguration;
			buildSettings = {
				ASSETCATALOG_COMPILER_APPICON_NAME = AppIcon;
				ASSETCATALOG_COMPILER_GLOBAL_ACCENT_COLOR_NAME = AccentColor;
				CODE_SIGN_STYLE = Automatic;
				DEVELOPMENT_TEAM = 9562T52TKH;
				INFOPLIST_FILE = WendelDaniel_CE03/Info.plist;
				LD_RUNPATH_SEARCH_PATHS = (
					"$(inherited)",
					"@executable_path/Frameworks",
				);
				PRODUCT_BUNDLE_IDENTIFIER = "com.DanielWendel.WendelDaniel-CE03";
				PRODUCT_NAME = "$(TARGET_NAME)";
				SWIFT_VERSION = 5.0;
				TARGETED_DEVICE_FAMILY = 1;
			};
			name = Debug;
		};
		38F0D38C26444B7E00CB4C53 /* Release */ = {
			isa = XCBuildConfiguration;
			buildSettings = {
				ASSETCATALOG_COMPILER_APPICON_NAME = AppIcon;
				ASSETCATALOG_COMPILER_GLOBAL_ACCENT_COLOR_NAME = AccentColor;
				CODE_SIGN_STYLE = Automatic;
				DEVELOPMENT_TEAM = 9562T52TKH;
				INFOPLIST_FILE = WendelDaniel_CE03/Info.plist;
				LD_RUNPATH_SEARCH_PATHS = (
					"$(inherited)",
					"@executable_path/Frameworks",
				);
				PRODUCT_BUNDLE_IDENTIFIER = "com.DanielWendel.WendelDaniel-CE03";
				PRODUCT_NAME = "$(TARGET_NAME)";
				SWIFT_VERSION = 5.0;
				TARGETED_DEVICE_FAMILY = 1;
			};
			name = Release;
		};
		38F0D38E26444B7E00CB4C53 /* Debug */ = {
			isa = XCBuildConfiguration;
			buildSettings = {
				ALWAYS_EMBED_SWIFT_STANDARD_LIBRARIES = YES;
				BUNDLE_LOADER = "$(TEST_HOST)";
				CODE_SIGN_STYLE = Automatic;
				DEVELOPMENT_TEAM = 9562T52TKH;
				INFOPLIST_FILE = WendelDaniel_CE03Tests/Info.plist;
				IPHONEOS_DEPLOYMENT_TARGET = 14.5;
				LD_RUNPATH_SEARCH_PATHS = (
					"$(inherited)",
					"@executable_path/Frameworks",
					"@loader_path/Frameworks",
				);
				PRODUCT_BUNDLE_IDENTIFIER = "com.DanielWendel.WendelDaniel-CE03Tests";
				PRODUCT_NAME = "$(TARGET_NAME)";
				SWIFT_VERSION = 5.0;
				TARGETED_DEVICE_FAMILY = "1,2";
				TEST_HOST = "$(BUILT_PRODUCTS_DIR)/WendelDaniel_CE03.app/WendelDaniel_CE03";
			};
			name = Debug;
		};
		38F0D38F26444B7E00CB4C53 /* Release */ = {
			isa = XCBuildConfiguration;
			buildSettings = {
				ALWAYS_EMBED_SWIFT_STANDARD_LIBRARIES = YES;
				BUNDLE_LOADER = "$(TEST_HOST)";
				CODE_SIGN_STYLE = Automatic;
				DEVELOPMENT_TEAM = 9562T52TKH;
				INFOPLIST_FILE = WendelDaniel_CE03Tests/Info.plist;
				IPHONEOS_DEPLOYMENT_TARGET = 14.5;
				LD_RUNPATH_SEARCH_PATHS = (
					"$(inherited)",
					"@executable_path/Frameworks",
					"@loader_path/Frameworks",
				);
				PRODUCT_BUNDLE_IDENTIFIER = "com.DanielWendel.WendelDaniel-CE03Tests";
				PRODUCT_NAME = "$(TARGET_NAME)";
				SWIFT_VERSION = 5.0;
				TARGETED_DEVICE_FAMILY = "1,2";
				TEST_HOST = "$(BUILT_PRODUCTS_DIR)/WendelDaniel_CE03.app/WendelDaniel_CE03";
			};
			name = Release;
		};
		38F0D39126444B7E00CB4C53 /* Debug */ = {
			isa = XCBuildConfiguration;
			buildSettings = {
				ALWAYS_EMBED_SWIFT_STANDARD_LIBRARIES = YES;
				CODE_SIGN_STYLE = Automatic;
				DEVELOPMENT_TEAM = 9562T52TKH;
				INFOPLIST_FILE = WendelDaniel_CE03UITests/Info.plist;
				LD_RUNPATH_SEARCH_PATHS = (
					"$(inherited)",
					"@executable_path/Frameworks",
					"@loader_path/Frameworks",
				);
				PRODUCT_BUNDLE_IDENTIFIER = "com.DanielWendel.WendelDaniel-CE03UITests";
				PRODUCT_NAME = "$(TARGET_NAME)";
				SWIFT_VERSION = 5.0;
				TARGETED_DEVICE_FAMILY = "1,2";
				TEST_TARGET_NAME = WendelDaniel_CE03;
			};
			name = Debug;
		};
		38F0D39226444B7E00CB4C53 /* Release */ = {
			isa = XCBuildConfiguration;
			buildSettings = {
				ALWAYS_EMBED_SWIFT_STANDARD_LIBRARIES = YES;
				CODE_SIGN_STYLE = Automatic;
				DEVELOPMENT_TEAM = 9562T52TKH;
				INFOPLIST_FILE = WendelDaniel_CE03UITests/Info.plist;
				LD_RUNPATH_SEARCH_PATHS = (
					"$(inherited)",
					"@executable_path/Frameworks",
					"@loader_path/Frameworks",
				);
				PRODUCT_BUNDLE_IDENTIFIER = "com.DanielWendel.WendelDaniel-CE03UITests";
				PRODUCT_NAME = "$(TARGET_NAME)";
				SWIFT_VERSION = 5.0;
				TARGETED_DEVICE_FAMILY = "1,2";
				TEST_TARGET_NAME = WendelDaniel_CE03;
			};
			name = Release;
		};
/* End XCBuildConfiguration section */

/* Begin XCConfigurationList section */
		38F0D35B26444B7D00CB4C53 /* Build configuration list for PBXProject "WendelDaniel_CE03" */ = {
			isa = XCConfigurationList;
			buildConfigurations = (
				38F0D38826444B7E00CB4C53 /* Debug */,
				38F0D38926444B7E00CB4C53 /* Release */,
			);
			defaultConfigurationIsVisible = 0;
			defaultConfigurationName = Release;
		};
		38F0D38A26444B7E00CB4C53 /* Build configuration list for PBXNativeTarget "WendelDaniel_CE03" */ = {
			isa = XCConfigurationList;
			buildConfigurations = (
				38F0D38B26444B7E00CB4C53 /* Debug */,
				38F0D38C26444B7E00CB4C53 /* Release */,
			);
			defaultConfigurationIsVisible = 0;
			defaultConfigurationName = Release;
		};
		38F0D38D26444B7E00CB4C53 /* Build configuration list for PBXNativeTarget "WendelDaniel_CE03Tests" */ = {
			isa = XCConfigurationList;
			buildConfigurations = (
				38F0D38E26444B7E00CB4C53 /* Debug */,
				38F0D38F26444B7E00CB4C53 /* Release */,
			);
			defaultConfigurationIsVisible = 0;
			defaultConfigurationName = Release;
		};
		38F0D39026444B7E00CB4C53 /* Build configuration list for PBXNativeTarget "WendelDaniel_CE03UITests" */ = {
			isa = XCConfigurationList;
			buildConfigurations = (
				38F0D39126444B7E00CB4C53 /* Debug */,
				38F0D39226444B7E00CB4C53 /* Release */,
			);
			defaultConfigurationIsVisible = 0;
			defaultConfigurationName = Release;
		};
/* End XCConfigurationList section */
	};
	rootObject = 38F0D35826444B7D00CB4C53 /* Project object */;
}
