// !$*UTF8*$!
{
	archiveVersion = 1;
	classes = {
	};
	objectVersion = 50;
	objects = {

/* Begin PBXBuildFile section */
		383A092326670CCC0051E74D /* AppDelegate.swift in Sources */ = {isa = PBXBuildFile; fileRef = 383A092226670CCC0051E74D /* AppDelegate.swift */; };
		383A092526670CCC0051E74D /* SceneDelegate.swift in Sources */ = {isa = PBXBuildFile; fileRef = 383A092426670CCC0051E74D /* SceneDelegate.swift */; };
		383A092726670CCC0051E74D /* ViewController.swift in Sources */ = {isa = PBXBuildFile; fileRef = 383A092626670CCC0051E74D /* ViewController.swift */; };
		383A092A26670CCC0051E74D /* Layout1.storyboard in Resources */ = {isa = PBXBuildFile; fileRef = 383A092826670CCC0051E74D /* Layout1.storyboard */; };
		383A092C26670CCD0051E74D /* Assets.xcassets in Resources */ = {isa = PBXBuildFile; fileRef = 383A092B26670CCD0051E74D /* Assets.xcassets */; };
		383A092F26670CCD0051E74D /* LaunchScreen.storyboard in Resources */ = {isa = PBXBuildFile; fileRef = 383A092D26670CCD0051E74D /* LaunchScreen.storyboard */; };
		383A093A26670CCD0051E74D /* WendelDaniel_AutoLayoutMasteryTests.swift in Sources */ = {isa = PBXBuildFile; fileRef = 383A093926670CCD0051E74D /* WendelDaniel_AutoLayoutMasteryTests.swift */; };
		383A094526670CCD0051E74D /* WendelDaniel_AutoLayoutMasteryUITests.swift in Sources */ = {isa = PBXBuildFile; fileRef = 383A094426670CCD0051E74D /* WendelDaniel_AutoLayoutMasteryUITests.swift */; };
		383A095326670D1A0051E74D /* Layout2.storyboard in Resources */ = {isa = PBXBuildFile; fileRef = 383A095226670D1A0051E74D /* Layout2.storyboard */; };
		383A095526670D210051E74D /* Layout3.storyboard in Resources */ = {isa = PBXBuildFile; fileRef = 383A095426670D210051E74D /* Layout3.storyboard */; };
/* End PBXBuildFile section */

/* Begin PBXContainerItemProxy section */
		383A093626670CCD0051E74D /* PBXContainerItemProxy */ = {
			isa = PBXContainerItemProxy;
			containerPortal = 383A091726670CCC0051E74D /* Project object */;
			proxyType = 1;
			remoteGlobalIDString = 383A091E26670CCC0051E74D;
			remoteInfo = WendelDaniel_AutoLayoutMastery;
		};
		383A094126670CCD0051E74D /* PBXContainerItemProxy */ = {
			isa = PBXContainerItemProxy;
			containerPortal = 383A091726670CCC0051E74D /* Project object */;
			proxyType = 1;
			remoteGlobalIDString = 383A091E26670CCC0051E74D;
			remoteInfo = WendelDaniel_AutoLayoutMastery;
		};
/* End PBXContainerItemProxy section */

/* Begin PBXFileReference section */
		383A091F26670CCC0051E74D /* WendelDaniel_AutoLayoutMastery.app */ = {isa = PBXFileReference; explicitFileType = wrapper.application; includeInIndex = 0; path = WendelDaniel_AutoLayoutMastery.app; sourceTree = BUILT_PRODUCTS_DIR; };
		383A092226670CCC0051E74D /* AppDelegate.swift */ = {isa = PBXFileReference; lastKnownFileType = sourcecode.swift; path = AppDelegate.swift; sourceTree = "<group>"; };
		383A092426670CCC0051E74D /* SceneDelegate.swift */ = {isa = PBXFileReference; lastKnownFileType = sourcecode.swift; path = SceneDelegate.swift; sourceTree = "<group>"; };
		383A092626670CCC0051E74D /* ViewController.swift */ = {isa = PBXFileReference; lastKnownFileType = sourcecode.swift; path = ViewController.swift; sourceTree = "<group>"; };
		383A092926670CCC0051E74D /* Base */ = {isa = PBXFileReference; lastKnownFileType = file.storyboard; name = Base; path = Base.lproj/Layout1.storyboard; sourceTree = "<group>"; };
		383A092B26670CCD0051E74D /* Assets.xcassets */ = {isa = PBXFileReference; lastKnownFileType = folder.assetcatalog; path = Assets.xcassets; sourceTree = "<group>"; };
		383A092E26670CCD0051E74D /* Base */ = {isa = PBXFileReference; lastKnownFileType = file.storyboard; name = Base; path = Base.lproj/LaunchScreen.storyboard; sourceTree = "<group>"; };
		383A093026670CCD0051E74D /* Info.plist */ = {isa = PBXFileReference; lastKnownFileType = text.plist.xml; path = Info.plist; sourceTree = "<group>"; };
		383A093526670CCD0051E74D /* WendelDaniel_AutoLayoutMasteryTests.xctest */ = {isa = PBXFileReference; explicitFileType = wrapper.cfbundle; includeInIndex = 0; path = WendelDaniel_AutoLayoutMasteryTests.xctest; sourceTree = BUILT_PRODUCTS_DIR; };
		383A093926670CCD0051E74D /* WendelDaniel_AutoLayoutMasteryTests.swift */ = {isa = PBXFileReference; lastKnownFileType = sourcecode.swift; path = WendelDaniel_AutoLayoutMasteryTests.swift; sourceTree = "<group>"; };
		383A093B26670CCD0051E74D /* Info.plist */ = {isa = PBXFileReference; lastKnownFileType = text.plist.xml; path = Info.plist; sourceTree = "<group>"; };
		383A094026670CCD0051E74D /* WendelDaniel_AutoLayoutMasteryUITests.xctest */ = {isa = PBXFileReference; explicitFileType = wrapper.cfbundle; includeInIndex = 0; path = WendelDaniel_AutoLayoutMasteryUITests.xctest; sourceTree = BUILT_PRODUCTS_DIR; };
		383A094426670CCD0051E74D /* WendelDaniel_AutoLayoutMasteryUITests.swift */ = {isa = PBXFileReference; lastKnownFileType = sourcecode.swift; path = WendelDaniel_AutoLayoutMasteryUITests.swift; sourceTree = "<group>"; };
		383A094626670CCD0051E74D /* Info.plist */ = {isa = PBXFileReference; lastKnownFileType = text.plist.xml; path = Info.plist; sourceTree = "<group>"; };
		383A095226670D1A0051E74D /* Layout2.storyboard */ = {isa = PBXFileReference; lastKnownFileType = file.storyboard; path = Layout2.storyboard; sourceTree = "<group>"; };
		383A095426670D210051E74D /* Layout3.storyboard */ = {isa = PBXFileReference; lastKnownFileType = file.storyboard; path = Layout3.storyboard; sourceTree = "<group>"; };
/* End PBXFileReference section */

/* Begin PBXFrameworksBuildPhase section */
		383A091C26670CCC0051E74D /* Frameworks */ = {
			isa = PBXFrameworksBuildPhase;
			buildActionMask = 2147483647;
			files = (
			);
			runOnlyForDeploymentPostprocessing = 0;
		};
		383A093226670CCD0051E74D /* Frameworks */ = {
			isa = PBXFrameworksBuildPhase;
			buildActionMask = 2147483647;
			files = (
			);
			runOnlyForDeploymentPostprocessing = 0;
		};
		383A093D26670CCD0051E74D /* Frameworks */ = {
			isa = PBXFrameworksBuildPhase;
			buildActionMask = 2147483647;
			files = (
			);
			runOnlyForDeploymentPostprocessing = 0;
		};
/* End PBXFrameworksBuildPhase section */

/* Begin PBXGroup section */
		383A091626670CCC0051E74D = {
			isa = PBXGroup;
			children = (
				383A092126670CCC0051E74D /* WendelDaniel_AutoLayoutMastery */,
				383A093826670CCD0051E74D /* WendelDaniel_AutoLayoutMasteryTests */,
				383A094326670CCD0051E74D /* WendelDaniel_AutoLayoutMasteryUITests */,
				383A092026670CCC0051E74D /* Products */,
			);
			sourceTree = "<group>";
		};
		383A092026670CCC0051E74D /* Products */ = {
			isa = PBXGroup;
			children = (
				383A091F26670CCC0051E74D /* WendelDaniel_AutoLayoutMastery.app */,
				383A093526670CCD0051E74D /* WendelDaniel_AutoLayoutMasteryTests.xctest */,
				383A094026670CCD0051E74D /* WendelDaniel_AutoLayoutMasteryUITests.xctest */,
			);
			name = Products;
			sourceTree = "<group>";
		};
		383A092126670CCC0051E74D /* WendelDaniel_AutoLayoutMastery */ = {
			isa = PBXGroup;
			children = (
				383A092226670CCC0051E74D /* AppDelegate.swift */,
				383A092426670CCC0051E74D /* SceneDelegate.swift */,
				383A092626670CCC0051E74D /* ViewController.swift */,
				383A092826670CCC0051E74D /* Layout1.storyboard */,
				383A095226670D1A0051E74D /* Layout2.storyboard */,
				383A095426670D210051E74D /* Layout3.storyboard */,
				383A092B26670CCD0051E74D /* Assets.xcassets */,
				383A092D26670CCD0051E74D /* LaunchScreen.storyboard */,
				383A093026670CCD0051E74D /* Info.plist */,
			);
			path = WendelDaniel_AutoLayoutMastery;
			sourceTree = "<group>";
		};
		383A093826670CCD0051E74D /* WendelDaniel_AutoLayoutMasteryTests */ = {
			isa = PBXGroup;
			children = (
				383A093926670CCD0051E74D /* WendelDaniel_AutoLayoutMasteryTests.swift */,
				383A093B26670CCD0051E74D /* Info.plist */,
			);
			path = WendelDaniel_AutoLayoutMasteryTests;
			sourceTree = "<group>";
		};
		383A094326670CCD0051E74D /* WendelDaniel_AutoLayoutMasteryUITests */ = {
			isa = PBXGroup;
			children = (
				383A094426670CCD0051E74D /* WendelDaniel_AutoLayoutMasteryUITests.swift */,
				383A094626670CCD0051E74D /* Info.plist */,
			);
			path = WendelDaniel_AutoLayoutMasteryUITests;
			sourceTree = "<group>";
		};
/* End PBXGroup section */

/* Begin PBXNativeTarget section */
		383A091E26670CCC0051E74D /* WendelDaniel_AutoLayoutMastery */ = {
			isa = PBXNativeTarget;
			buildConfigurationList = 383A094926670CCD0051E74D /* Build configuration list for PBXNativeTarget "WendelDaniel_AutoLayoutMastery" */;
			buildPhases = (
				383A091B26670CCC0051E74D /* Sources */,
				383A091C26670CCC0051E74D /* Frameworks */,
				383A091D26670CCC0051E74D /* Resources */,
			);
			buildRules = (
			);
			dependencies = (
			);
			name = WendelDaniel_AutoLayoutMastery;
			productName = WendelDaniel_AutoLayoutMastery;
			productReference = 383A091F26670CCC0051E74D /* WendelDaniel_AutoLayoutMastery.app */;
			productType = "com.apple.product-type.application";
		};
		383A093426670CCD0051E74D /* WendelDaniel_AutoLayoutMasteryTests */ = {
			isa = PBXNativeTarget;
			buildConfigurationList = 383A094C26670CCD0051E74D /* Build configuration list for PBXNativeTarget "WendelDaniel_AutoLayoutMasteryTests" */;
			buildPhases = (
				383A093126670CCD0051E74D /* Sources */,
				383A093226670CCD0051E74D /* Frameworks */,
				383A093326670CCD0051E74D /* Resources */,
			);
			buildRules = (
			);
			dependencies = (
				383A093726670CCD0051E74D /* PBXTargetDependency */,
			);
			name = WendelDaniel_AutoLayoutMasteryTests;
			productName = WendelDaniel_AutoLayoutMasteryTests;
			productReference = 383A093526670CCD0051E74D /* WendelDaniel_AutoLayoutMasteryTests.xctest */;
			productType = "com.apple.product-type.bundle.unit-test";
		};
		383A093F26670CCD0051E74D /* WendelDaniel_AutoLayoutMasteryUITests */ = {
			isa = PBXNativeTarget;
			buildConfigurationList = 383A094F26670CCD0051E74D /* Build configuration list for PBXNativeTarget "WendelDaniel_AutoLayoutMasteryUITests" */;
			buildPhases = (
				383A093C26670CCD0051E74D /* Sources */,
				383A093D26670CCD0051E74D /* Frameworks */,
				383A093E26670CCD0051E74D /* Resources */,
			);
			buildRules = (
			);
			dependencies = (
				383A094226670CCD0051E74D /* PBXTargetDependency */,
			);
			name = WendelDaniel_AutoLayoutMasteryUITests;
			productName = WendelDaniel_AutoLayoutMasteryUITests;
			productReference = 383A094026670CCD0051E74D /* WendelDaniel_AutoLayoutMasteryUITests.xctest */;
			productType = "com.apple.product-type.bundle.ui-testing";
		};
/* End PBXNativeTarget section */

/* Begin PBXProject section */
		383A091726670CCC0051E74D /* Project object */ = {
			isa = PBXProject;
			attributes = {
				LastSwiftUpdateCheck = 1250;
				LastUpgradeCheck = 1250;
				TargetAttributes = {
					383A091E26670CCC0051E74D = {
						CreatedOnToolsVersion = 12.5;
					};
					383A093426670CCD0051E74D = {
						CreatedOnToolsVersion = 12.5;
						TestTargetID = 383A091E26670CCC0051E74D;
					};
					383A093F26670CCD0051E74D = {
						CreatedOnToolsVersion = 12.5;
						TestTargetID = 383A091E26670CCC0051E74D;
					};
				};
			};
			buildConfigurationList = 383A091A26670CCC0051E74D /* Build configuration list for PBXProject "WendelDaniel_AutoLayoutMastery" */;
			compatibilityVersion = "Xcode 9.3";
			developmentRegion = en;
			hasScannedForEncodings = 0;
			knownRegions = (
				en,
				Base,
			);
			mainGroup = 383A091626670CCC0051E74D;
			productRefGroup = 383A092026670CCC0051E74D /* Products */;
			projectDirPath = "";
			projectRoot = "";
			targets = (
				383A091E26670CCC0051E74D /* WendelDaniel_AutoLayoutMastery */,
				383A093426670CCD0051E74D /* WendelDaniel_AutoLayoutMasteryTests */,
				383A093F26670CCD0051E74D /* WendelDaniel_AutoLayoutMasteryUITests */,
			);
		};
/* End PBXProject section */

/* Begin PBXResourcesBuildPhase section */
		383A091D26670CCC0051E74D /* Resources */ = {
			isa = PBXResourcesBuildPhase;
			buildActionMask = 2147483647;
			files = (
				383A092F26670CCD0051E74D /* LaunchScreen.storyboard in Resources */,
				383A095326670D1A0051E74D /* Layout2.storyboard in Resources */,
				383A095526670D210051E74D /* Layout3.storyboard in Resources */,
				383A092C26670CCD0051E74D /* Assets.xcassets in Resources */,
				383A092A26670CCC0051E74D /* Layout1.storyboard in Resources */,
			);
			runOnlyForDeploymentPostprocessing = 0;
		};
		383A093326670CCD0051E74D /* Resources */ = {
			isa = PBXResourcesBuildPhase;
			buildActionMask = 2147483647;
			files = (
			);
			runOnlyForDeploymentPostprocessing = 0;
		};
		383A093E26670CCD0051E74D /* Resources */ = {
			isa = PBXResourcesBuildPhase;
			buildActionMask = 2147483647;
			files = (
			);
			runOnlyForDeploymentPostprocessing = 0;
		};
/* End PBXResourcesBuildPhase section */

/* Begin PBXSourcesBuildPhase section */
		383A091B26670CCC0051E74D /* Sources */ = {
			isa = PBXSourcesBuildPhase;
			buildActionMask = 2147483647;
			files = (
				383A092726670CCC0051E74D /* ViewController.swift in Sources */,
				383A092326670CCC0051E74D /* AppDelegate.swift in Sources */,
				383A092526670CCC0051E74D /* SceneDelegate.swift in Sources */,
			);
			runOnlyForDeploymentPostprocessing = 0;
		};
		383A093126670CCD0051E74D /* Sources */ = {
			isa = PBXSourcesBuildPhase;
			buildActionMask = 2147483647;
			files = (
				383A093A26670CCD0051E74D /* WendelDaniel_AutoLayoutMasteryTests.swift in Sources */,
			);
			runOnlyForDeploymentPostprocessing = 0;
		};
		383A093C26670CCD0051E74D /* Sources */ = {
			isa = PBXSourcesBuildPhase;
			buildActionMask = 2147483647;
			files = (
				383A094526670CCD0051E74D /* WendelDaniel_AutoLayoutMasteryUITests.swift in Sources */,
			);
			runOnlyForDeploymentPostprocessing = 0;
		};
/* End PBXSourcesBuildPhase section */

/* Begin PBXTargetDependency section */
		383A093726670CCD0051E74D /* PBXTargetDependency */ = {
			isa = PBXTargetDependency;
			target = 383A091E26670CCC0051E74D /* WendelDaniel_AutoLayoutMastery */;
			targetProxy = 383A093626670CCD0051E74D /* PBXContainerItemProxy */;
		};
		383A094226670CCD0051E74D /* PBXTargetDependency */ = {
			isa = PBXTargetDependency;
			target = 383A091E26670CCC0051E74D /* WendelDaniel_AutoLayoutMastery */;
			targetProxy = 383A094126670CCD0051E74D /* PBXContainerItemProxy */;
		};
/* End PBXTargetDependency section */

/* Begin PBXVariantGroup section */
		383A092826670CCC0051E74D /* Layout1.storyboard */ = {
			isa = PBXVariantGroup;
			children = (
				383A092926670CCC0051E74D /* Base */,
			);
			name = Layout1.storyboard;
			sourceTree = "<group>";
		};
		383A092D26670CCD0051E74D /* LaunchScreen.storyboard */ = {
			isa = PBXVariantGroup;
			children = (
				383A092E26670CCD0051E74D /* Base */,
			);
			name = LaunchScreen.storyboard;
			sourceTree = "<group>";
		};
/* End PBXVariantGroup section */

/* Begin XCBuildConfiguration section */
		383A094726670CCD0051E74D /* Debug */ = {
			isa = XCBuildConfiguration;
			buildSettings = {
				ALWAYS_SEARCH_USER_PATHS = NO;
				CLANG_ANALYZER_NONNULL = YES;
				CLANG_ANALYZER_NUMBER_OBJECT_CONVERSION = YES_AGGRESSIVE;
				CLANG_CXX_LANGUAGE_STANDARD = "gnu++14";
				CLANG_CXX_LIBRARY = "libc++";
				CLANG_ENABLE_MODULES = YES;
				CLANG_ENABLE_OBJC_ARC = YES;
				CLANG_ENABLE_OBJC_WEAK = YES;
				CLANG_WARN_BLOCK_CAPTURE_AUTORELEASING = YES;
				CLANG_WARN_BOOL_CONVERSION = YES;
				CLANG_WARN_COMMA = YES;
				CLANG_WARN_CONSTANT_CONVERSION = YES;
				CLANG_WARN_DEPRECATED_OBJC_IMPLEMENTATIONS = YES;
				CLANG_WARN_DIRECT_OBJC_ISA_USAGE = YES_ERROR;
				CLANG_WARN_DOCUMENTATION_COMMENTS = YES;
				CLANG_WARN_EMPTY_BODY = YES;
				CLANG_WARN_ENUM_CONVERSION = YES;
				CLANG_WARN_INFINITE_RECURSION = YES;
				CLANG_WARN_INT_CONVERSION = YES;
				CLANG_WARN_NON_LITERAL_NULL_CONVERSION = YES;
				CLANG_WARN_OBJC_IMPLICIT_RETAIN_SELF = YES;
				CLANG_WARN_OBJC_LITERAL_CONVERSION = YES;
				CLANG_WARN_OBJC_ROOT_CLASS = YES_ERROR;
				CLANG_WARN_QUOTED_INCLUDE_IN_FRAMEWORK_HEADER = YES;
				CLANG_WARN_RANGE_LOOP_ANALYSIS = YES;
				CLANG_WARN_STRICT_PROTOTYPES = YES;
				CLANG_WARN_SUSPICIOUS_MOVE = YES;
				CLANG_WARN_UNGUARDED_AVAILABILITY = YES_AGGRESSIVE;
				CLANG_WARN_UNREACHABLE_CODE = YES;
				CLANG_WARN__DUPLICATE_METHOD_MATCH = YES;
				COPY_PHASE_STRIP = NO;
				DEBUG_INFORMATION_FORMAT = dwarf;
				ENABLE_STRICT_OBJC_MSGSEND = YES;
				ENABLE_TESTABILITY = YES;
				GCC_C_LANGUAGE_STANDARD = gnu11;
				GCC_DYNAMIC_NO_PIC = NO;
				GCC_NO_COMMON_BLOCKS = YES;
				GCC_OPTIMIZATION_LEVEL = 0;
				GCC_PREPROCESSOR_DEFINITIONS = (
					"DEBUG=1",
					"$(inherited)",
				);
				GCC_WARN_64_TO_32_BIT_CONVERSION = YES;
				GCC_WARN_ABOUT_RETURN_TYPE = YES_ERROR;
				GCC_WARN_UNDECLARED_SELECTOR = YES;
				GCC_WARN_UNINITIALIZED_AUTOS = YES_AGGRESSIVE;
				GCC_WARN_UNUSED_FUNCTION = YES;
				GCC_WARN_UNUSED_VARIABLE = YES;
				IPHONEOS_DEPLOYMENT_TARGET = 14.5;
				MTL_ENABLE_DEBUG_INFO = INCLUDE_SOURCE;
				MTL_FAST_MATH = YES;
				ONLY_ACTIVE_ARCH = YES;
				SDKROOT = iphoneos;
				SWIFT_ACTIVE_COMPILATION_CONDITIONS = DEBUG;
				SWIFT_OPTIMIZATION_LEVEL = "-Onone";
			};
			name = Debug;
		};
		383A094826670CCD0051E74D /* Release */ = {
			isa = XCBuildConfiguration;
			buildSettings = {
				ALWAYS_SEARCH_USER_PATHS = NO;
				CLANG_ANALYZER_NONNULL = YES;
				CLANG_ANALYZER_NUMBER_OBJECT_CONVERSION = YES_AGGRESSIVE;
				CLANG_CXX_LANGUAGE_STANDARD = "gnu++14";
				CLANG_CXX_LIBRARY = "libc++";
				CLANG_ENABLE_MODULES = YES;
				CLANG_ENABLE_OBJC_ARC = YES;
				CLANG_ENABLE_OBJC_WEAK = YES;
				CLANG_WARN_BLOCK_CAPTURE_AUTORELEASING = YES;
				CLANG_WARN_BOOL_CONVERSION = YES;
				CLANG_WARN_COMMA = YES;
				CLANG_WARN_CONSTANT_CONVERSION = YES;
				CLANG_WARN_DEPRECATED_OBJC_IMPLEMENTATIONS = YES;
				CLANG_WARN_DIRECT_OBJC_ISA_USAGE = YES_ERROR;
				CLANG_WARN_DOCUMENTATION_COMMENTS = YES;
				CLANG_WARN_EMPTY_BODY = YES;
				CLANG_WARN_ENUM_CONVERSION = YES;
				CLANG_WARN_INFINITE_RECURSION = YES;
				CLANG_WARN_INT_CONVERSION = YES;
				CLANG_WARN_NON_LITERAL_NULL_CONVERSION = YES;
				CLANG_WARN_OBJC_IMPLICIT_RETAIN_SELF = YES;
				CLANG_WARN_OBJC_LITERAL_CONVERSION = YES;
				CLANG_WARN_OBJC_ROOT_CLASS = YES_ERROR;
				CLANG_WARN_QUOTED_INCLUDE_IN_FRAMEWORK_HEADER = YES;
				CLANG_WARN_RANGE_LOOP_ANALYSIS = YES;
				CLANG_WARN_STRICT_PROTOTYPES = YES;
				CLANG_WARN_SUSPICIOUS_MOVE = YES;
				CLANG_WARN_UNGUARDED_AVAILABILITY = YES_AGGRESSIVE;
				CLANG_WARN_UNREACHABLE_CODE = YES;
				CLANG_WARN__DUPLICATE_METHOD_MATCH = YES;
				COPY_PHASE_STRIP = NO;
				DEBUG_INFORMATION_FORMAT = "dwarf-with-dsym";
				ENABLE_NS_ASSERTIONS = NO;
				ENABLE_STRICT_OBJC_MSGSEND = YES;
				GCC_C_LANGUAGE_STANDARD = gnu11;
				GCC_NO_COMMON_BLOCKS = YES;
				GCC_WARN_64_TO_32_BIT_CONVERSION = YES;
				GCC_WARN_ABOUT_RETURN_TYPE = YES_ERROR;
				GCC_WARN_UNDECLARED_SELECTOR = YES;
				GCC_WARN_UNINITIALIZED_AUTOS = YES_AGGRESSIVE;
				GCC_WARN_UNUSED_FUNCTION = YES;
				GCC_WARN_UNUSED_VARIABLE = YES;
				IPHONEOS_DEPLOYMENT_TARGET = 14.5;
				MTL_ENABLE_DEBUG_INFO = NO;
				MTL_FAST_MATH = YES;
				SDKROOT = iphoneos;
				SWIFT_COMPILATION_MODE = wholemodule;
				SWIFT_OPTIMIZATION_LEVEL = "-O";
				VALIDATE_PRODUCT = YES;
			};
			name = Release;
		};
		383A094A26670CCD0051E74D /* Debug */ = {
			isa = XCBuildConfiguration;
			buildSettings = {
				ASSETCATALOG_COMPILER_APPICON_NAME = AppIcon;
				ASSETCATALOG_COMPILER_GLOBAL_ACCENT_COLOR_NAME = AccentColor;
				CODE_SIGN_STYLE = Automatic;
				DEVELOPMENT_TEAM = 9562T52TKH;
				INFOPLIST_FILE = WendelDaniel_AutoLayoutMastery/Info.plist;
				LD_RUNPATH_SEARCH_PATHS = (
					"$(inherited)",
					"@executable_path/Frameworks",
				);
				PRODUCT_BUNDLE_IDENTIFIER = "com.DanielWendel.WendelDaniel-AutoLayoutMastery";
				PRODUCT_NAME = "$(TARGET_NAME)";
				SWIFT_VERSION = 5.0;
				TARGETED_DEVICE_FAMILY = "1,2";
			};
			name = Debug;
		};
		383A094B26670CCD0051E74D /* Release */ = {
			isa = XCBuildConfiguration;
			buildSettings = {
				ASSETCATALOG_COMPILER_APPICON_NAME = AppIcon;
				ASSETCATALOG_COMPILER_GLOBAL_ACCENT_COLOR_NAME = AccentColor;
				CODE_SIGN_STYLE = Automatic;
				DEVELOPMENT_TEAM = 9562T52TKH;
				INFOPLIST_FILE = WendelDaniel_AutoLayoutMastery/Info.plist;
				LD_RUNPATH_SEARCH_PATHS = (
					"$(inherited)",
					"@executable_path/Frameworks",
				);
				PRODUCT_BUNDLE_IDENTIFIER = "com.DanielWendel.WendelDaniel-AutoLayoutMastery";
				PRODUCT_NAME = "$(TARGET_NAME)";
				SWIFT_VERSION = 5.0;
				TARGETED_DEVICE_FAMILY = "1,2";
			};
			name = Release;
		};
		383A094D26670CCD0051E74D /* Debug */ = {
			isa = XCBuildConfiguration;
			buildSettings = {
				ALWAYS_EMBED_SWIFT_STANDARD_LIBRARIES = YES;
				BUNDLE_LOADER = "$(TEST_HOST)";
				CODE_SIGN_STYLE = Automatic;
				DEVELOPMENT_TEAM = 9562T52TKH;
				INFOPLIST_FILE = WendelDaniel_AutoLayoutMasteryTests/Info.plist;
				IPHONEOS_DEPLOYMENT_TARGET = 14.5;
				LD_RUNPATH_SEARCH_PATHS = (
					"$(inherited)",
					"@executable_path/Frameworks",
					"@loader_path/Frameworks",
				);
				PRODUCT_BUNDLE_IDENTIFIER = "com.DanielWendel.WendelDaniel-AutoLayoutMasteryTests";
				PRODUCT_NAME = "$(TARGET_NAME)";
				SWIFT_VERSION = 5.0;
				TARGETED_DEVICE_FAMILY = "1,2";
				TEST_HOST = "$(BUILT_PRODUCTS_DIR)/WendelDaniel_AutoLayoutMastery.app/WendelDaniel_AutoLayoutMastery";
			};
			name = Debug;
		};
		383A094E26670CCD0051E74D /* Release */ = {
			isa = XCBuildConfiguration;
			buildSettings = {
				ALWAYS_EMBED_SWIFT_STANDARD_LIBRARIES = YES;
				BUNDLE_LOADER = "$(TEST_HOST)";
				CODE_SIGN_STYLE = Automatic;
				DEVELOPMENT_TEAM = 9562T52TKH;
				INFOPLIST_FILE = WendelDaniel_AutoLayoutMasteryTests/Info.plist;
				IPHONEOS_DEPLOYMENT_TARGET = 14.5;
				LD_RUNPATH_SEARCH_PATHS = (
					"$(inherited)",
					"@executable_path/Frameworks",
					"@loader_path/Frameworks",
				);
				PRODUCT_BUNDLE_IDENTIFIER = "com.DanielWendel.WendelDaniel-AutoLayoutMasteryTests";
				PRODUCT_NAME = "$(TARGET_NAME)";
				SWIFT_VERSION = 5.0;
				TARGETED_DEVICE_FAMILY = "1,2";
				TEST_HOST = "$(BUILT_PRODUCTS_DIR)/WendelDaniel_AutoLayoutMastery.app/WendelDaniel_AutoLayoutMastery";
			};
			name = Release;
		};
		383A095026670CCD0051E74D /* Debug */ = {
			isa = XCBuildConfiguration;
			buildSettings = {
				ALWAYS_EMBED_SWIFT_STANDARD_LIBRARIES = YES;
				CODE_SIGN_STYLE = Automatic;
				DEVELOPMENT_TEAM = 9562T52TKH;
				INFOPLIST_FILE = WendelDaniel_AutoLayoutMasteryUITests/Info.plist;
				LD_RUNPATH_SEARCH_PATHS = (
					"$(inherited)",
					"@executable_path/Frameworks",
					"@loader_path/Frameworks",
				);
				PRODUCT_BUNDLE_IDENTIFIER = "com.DanielWendel.WendelDaniel-AutoLayoutMasteryUITests";
				PRODUCT_NAME = "$(TARGET_NAME)";
				SWIFT_VERSION = 5.0;
				TARGETED_DEVICE_FAMILY = "1,2";
				TEST_TARGET_NAME = WendelDaniel_AutoLayoutMastery;
			};
			name = Debug;
		};
		383A095126670CCD0051E74D /* Release */ = {
			isa = XCBuildConfiguration;
			buildSettings = {
				ALWAYS_EMBED_SWIFT_STANDARD_LIBRARIES = YES;
				CODE_SIGN_STYLE = Automatic;
				DEVELOPMENT_TEAM = 9562T52TKH;
				INFOPLIST_FILE = WendelDaniel_AutoLayoutMasteryUITests/Info.plist;
				LD_RUNPATH_SEARCH_PATHS = (
					"$(inherited)",
					"@executable_path/Frameworks",
					"@loader_path/Frameworks",
				);
				PRODUCT_BUNDLE_IDENTIFIER = "com.DanielWendel.WendelDaniel-AutoLayoutMasteryUITests";
				PRODUCT_NAME = "$(TARGET_NAME)";
				SWIFT_VERSION = 5.0;
				TARGETED_DEVICE_FAMILY = "1,2";
				TEST_TARGET_NAME = WendelDaniel_AutoLayoutMastery;
			};
			name = Release;
		};
/* End XCBuildConfiguration section */

/* Begin XCConfigurationList section */
		383A091A26670CCC0051E74D /* Build configuration list for PBXProject "WendelDaniel_AutoLayoutMastery" */ = {
			isa = XCConfigurationList;
			buildConfigurations = (
				383A094726670CCD0051E74D /* Debug */,
				383A094826670CCD0051E74D /* Release */,
			);
			defaultConfigurationIsVisible = 0;
			defaultConfigurationName = Release;
		};
		383A094926670CCD0051E74D /* Build configuration list for PBXNativeTarget "WendelDaniel_AutoLayoutMastery" */ = {
			isa = XCConfigurationList;
			buildConfigurations = (
				383A094A26670CCD0051E74D /* Debug */,
				383A094B26670CCD0051E74D /* Release */,
			);
			defaultConfigurationIsVisible = 0;
			defaultConfigurationName = Release;
		};
		383A094C26670CCD0051E74D /* Build configuration list for PBXNativeTarget "WendelDaniel_AutoLayoutMasteryTests" */ = {
			isa = XCConfigurationList;
			buildConfigurations = (
				383A094D26670CCD0051E74D /* Debug */,
				383A094E26670CCD0051E74D /* Release */,
			);
			defaultConfigurationIsVisible = 0;
			defaultConfigurationName = Release;
		};
		383A094F26670CCD0051E74D /* Build configuration list for PBXNativeTarget "WendelDaniel_AutoLayoutMasteryUITests" */ = {
			isa = XCConfigurationList;
			buildConfigurations = (
				383A095026670CCD0051E74D /* Debug */,
				383A095126670CCD0051E74D /* Release */,
			);
			defaultConfigurationIsVisible = 0;
			defaultConfigurationName = Release;
		};
/* End XCConfigurationList section */
	};
	rootObject = 383A091726670CCC0051E74D /* Project object */;
}
